// !$*UTF8*$!
{
	archiveVersion = 1;
	classes = {
	};
	objectVersion = 70;
	objects = {

/* Begin PBXBuildFile section */
		6826C8442AE2A55700ABB6D9 /* SnapKit in Frameworks */ = {isa = PBXBuildFile; productRef = 6826C8432AE2A55700ABB6D9 /* SnapKit */; };
		685319D02B461B2800633D64 /* Colorable.swift in Sources */ = {isa = PBXBuildFile; fileRef = 685319CF2B461B2800633D64 /* Colorable.swift */; };
		68F0000B2D3C0FC300F4BA86 /* ColorAction.swift in Sources */ = {isa = PBXBuildFile; fileRef = 68F0000A2D3C0FC300F4BA86 /* ColorAction.swift */; };
		685319D22B461B3600633D64 /* Imageable+Symbolable.swift in Sources */ = {isa = PBXBuildFile; fileRef = 685319D12B461B3600633D64 /* Imageable+Symbolable.swift */; };
		685319DC2B461CD300633D64 /* SFSymbols.swift in Sources */ = {isa = PBXBuildFile; fileRef = 685319DB2B461CD300633D64 /* SFSymbols.swift */; };
		685319DE2B461D8400633D64 /* Logo.swift in Sources */ = {isa = PBXBuildFile; fileRef = 685319DD2B461D8400633D64 /* Logo.swift */; };
		685319E42B4620B700633D64 /* Lottie in Frameworks */ = {isa = PBXBuildFile; productRef = 685319E32B4620B700633D64 /* Lottie */; };
		6856CFB42D2ACAA000F4BA86 /* AppDelegate.swift in Sources */ = {isa = PBXBuildFile; fileRef = 6856CFB32D2ACA9D00F4BA86 /* AppDelegate.swift */; };
		6856CFE62D32ADB900F4BA86 /* Alamofire in Frameworks */ = {isa = PBXBuildFile; productRef = 6856CFE52D32ADB900F4BA86 /* Alamofire */; };
		6856CFFB2D331A2100F4BA86 /* JsonFellow in Frameworks */ = {isa = PBXBuildFile; productRef = 6856CFFA2D331A2100F4BA86 /* JsonFellow */; };
		6856D00C2D3C0FCB00F4BA86 /* BackgroundImages.swift in Sources */ = {isa = PBXBuildFile; fileRef = 6856D00B2D3C0FC300F4BA86 /* BackgroundImages.swift */; };
		6895974C2E23F45000770DF8 /* RevenueCat in Frameworks */ = {isa = PBXBuildFile; productRef = 6895974B2E23F45000770DF8 /* RevenueCat */; };
		6895974E2E23F45000770DF8 /* RevenueCatUI in Frameworks */ = {isa = PBXBuildFile; productRef = 6895974D2E23F45000770DF8 /* RevenueCatUI */; };
		689597512E23F5BC00770DF8 /* FirebaseAnalytics in Frameworks */ = {isa = PBXBuildFile; productRef = 689597502E23F5BC00770DF8 /* FirebaseAnalytics */; };
		689888072AA3826800A2D55D /* Configuration.swift in Sources */ = {isa = PBXBuildFile; fileRef = 689888032AA3826800A2D55D /* Configuration.swift */; };
		689888092AA3826800A2D55D /* Develop.xcconfig in Resources */ = {isa = PBXBuildFile; fileRef = 689888052AA3826800A2D55D /* Develop.xcconfig */; };
		6898880A2AA3826800A2D55D /* Release.xcconfig in Resources */ = {isa = PBXBuildFile; fileRef = 689888062AA3826800A2D55D /* Release.xcconfig */; };
		689888132AA3838500A2D55D /* ColorText.swift in Sources */ = {isa = PBXBuildFile; fileRef = 689888102AA3838400A2D55D /* ColorText.swift */; };
		689888142AA3838500A2D55D /* Palette.swift in Sources */ = {isa = PBXBuildFile; fileRef = 689888112AA3838500A2D55D /* Palette.swift */; };
		689888152AA3838500A2D55D /* ColorBackground.swift in Sources */ = {isa = PBXBuildFile; fileRef = 689888122AA3838500A2D55D /* ColorBackground.swift */; };
		68AF25CE2E23FDD9003937D1 /* FirebaseAuth in Frameworks */ = {isa = PBXBuildFile; productRef = 68AF25CD2E23FDD9003937D1 /* FirebaseAuth */; };
		68AF25D02E23FDDA003937D1 /* FirebaseCore in Frameworks */ = {isa = PBXBuildFile; productRef = 68AF25CF2E23FDDA003937D1 /* FirebaseCore */; };
		68AF25D22E23FDDA003937D1 /* FirebaseCrashlytics in Frameworks */ = {isa = PBXBuildFile; productRef = 68AF25D12E23FDDA003937D1 /* FirebaseCrashlytics */; };
		68AF25D42E23FDDA003937D1 /* FirebaseFirestore in Frameworks */ = {isa = PBXBuildFile; productRef = 68AF25D32E23FDDA003937D1 /* FirebaseFirestore */; };
		68AF25D62E23FDDA003937D1 /* FirebaseRemoteConfig in Frameworks */ = {isa = PBXBuildFile; productRef = 68AF25D52E23FDDA003937D1 /* FirebaseRemoteConfig */; };
		68B74A432CF35B5C0020658B /* TutorialImage.swift in Sources */ = {isa = PBXBuildFile; fileRef = 68B74A422CF35B5C0020658B /* TutorialImage.swift */; };
		68C7E9082A71A1AC008CD84F /* SceneDelegate.swift in Sources */ = {isa = PBXBuildFile; fileRef = 68C7E9072A71A1AC008CD84F /* SceneDelegate.swift */; };
		68C7E9112A71A1AE008CD84F /* Assets.xcassets in Resources */ = {isa = PBXBuildFile; fileRef = 68C7E9102A71A1AE008CD84F /* Assets.xcassets */; };
		68C7E9142A71A1AE008CD84F /* LaunchScreen.storyboard in Resources */ = {isa = PBXBuildFile; fileRef = 68C7E9122A71A1AE008CD84F /* LaunchScreen.storyboard */; };
		68C7E92E2A71A23E008CD84F /* Colors.xcassets in Resources */ = {isa = PBXBuildFile; fileRef = 68C7E92D2A71A23E008CD84F /* Colors.xcassets */; };
		68F0000D2D3C0FC300F4BA86 /* PrivacyInfo.xcprivacy in Resources */ = {isa = PBXBuildFile; fileRef = 68F0000C2D3C0FC300F4BA86 /* PrivacyInfo.xcprivacy */; };
		68F1E2212B4AF04500AE3E6D /* lottie-loading.json in Resources */ = {isa = PBXBuildFile; fileRef = 68F1E2202B4AF04500AE3E6D /* lottie-loading.json */; };
		68EA000000000004AAAA0004 /* emoji_keywords_en.json in Resources */ = {isa = PBXBuildFile; fileRef = 68EA000000000002AAAA0002 /* emoji_keywords_en.json */; };
		68EA000000000005AAAA0005 /* emoji_keywords_tr.json in Resources */ = {isa = PBXBuildFile; fileRef = 68EA000000000003AAAA0003 /* emoji_keywords_tr.json */; };
		B6EF0E082B6AA48F0044472A /* Kingfisher in Frameworks */ = {isa = PBXBuildFile; productRef = B6EF0E072B6AA48F0044472A /* Kingfisher */; };
		AA00000000000000000C0003 /* Supabase in Frameworks */ = {isa = PBXBuildFile; productRef = AA00000000000000000C0002 /* Supabase */; };
/* End PBXBuildFile section */

/* Begin PBXFileReference section */
		685319CF2B461B2800633D64 /* Colorable.swift */ = {isa = PBXFileReference; lastKnownFileType = sourcecode.swift; path = Colorable.swift; sourceTree = "<group>"; };
		685319D12B461B3600633D64 /* Imageable+Symbolable.swift */ = {isa = PBXFileReference; lastKnownFileType = sourcecode.swift; path = "Imageable+Symbolable.swift"; sourceTree = "<group>"; };
		685319DB2B461CD300633D64 /* SFSymbols.swift */ = {isa = PBXFileReference; lastKnownFileType = sourcecode.swift; path = SFSymbols.swift; sourceTree = "<group>"; };
		685319DD2B461D8400633D64 /* Logo.swift */ = {isa = PBXFileReference; lastKnownFileType = sourcecode.swift; path = Logo.swift; sourceTree = "<group>"; };
		6856CFB32D2ACA9D00F4BA86 /* AppDelegate.swift */ = {isa = PBXFileReference; lastKnownFileType = sourcecode.swift; path = AppDelegate.swift; sourceTree = "<group>"; };
		6856D00B2D3C0FC300F4BA86 /* BackgroundImages.swift */ = {isa = PBXFileReference; lastKnownFileType = sourcecode.swift; path = BackgroundImages.swift; sourceTree = "<group>"; };
		689888032AA3826800A2D55D /* Configuration.swift */ = {isa = PBXFileReference; fileEncoding = 4; lastKnownFileType = sourcecode.swift; path = Configuration.swift; sourceTree = "<group>"; };
		689888052AA3826800A2D55D /* Develop.xcconfig */ = {isa = PBXFileReference; fileEncoding = 4; lastKnownFileType = text.xcconfig; path = Develop.xcconfig; sourceTree = "<group>"; };
		689888062AA3826800A2D55D /* Release.xcconfig */ = {isa = PBXFileReference; fileEncoding = 4; lastKnownFileType = text.xcconfig; path = Release.xcconfig; sourceTree = "<group>"; };
		689888102AA3838400A2D55D /* ColorText.swift */ = {isa = PBXFileReference; fileEncoding = 4; lastKnownFileType = sourcecode.swift; path = ColorText.swift; sourceTree = "<group>"; };
		689888112AA3838500A2D55D /* Palette.swift */ = {isa = PBXFileReference; fileEncoding = 4; lastKnownFileType = sourcecode.swift; path = Palette.swift; sourceTree = "<group>"; };
		689888122AA3838500A2D55D /* ColorBackground.swift */ = {isa = PBXFileReference; fileEncoding = 4; lastKnownFileType = sourcecode.swift; path = ColorBackground.swift; sourceTree = "<group>"; };
		68F0000A2D3C0FC300F4BA86 /* ColorAction.swift */ = {isa = PBXFileReference; lastKnownFileType = sourcecode.swift; path = ColorAction.swift; sourceTree = "<group>"; };
		68B74A422CF35B5C0020658B /* TutorialImage.swift */ = {isa = PBXFileReference; lastKnownFileType = sourcecode.swift; path = TutorialImage.swift; sourceTree = "<group>"; };
		68C7E9042A71A1AC008CD84F /* AppSeed-develop.app */ = {isa = PBXFileReference; explicitFileType = wrapper.application; includeInIndex = 0; path = "AppSeed-develop.app"; sourceTree = BUILT_PRODUCTS_DIR; };
		68C7E9072A71A1AC008CD84F /* SceneDelegate.swift */ = {isa = PBXFileReference; lastKnownFileType = sourcecode.swift; path = SceneDelegate.swift; sourceTree = "<group>"; };
		68C7E9102A71A1AE008CD84F /* Assets.xcassets */ = {isa = PBXFileReference; lastKnownFileType = folder.assetcatalog; path = Assets.xcassets; sourceTree = "<group>"; };
		68C7E9132A71A1AE008CD84F /* Base */ = {isa = PBXFileReference; lastKnownFileType = file.storyboard; name = Base; path = Base.lproj/LaunchScreen.storyboard; sourceTree = "<group>"; };
		68C7E9152A71A1AE008CD84F /* Info.plist */ = {isa = PBXFileReference; lastKnownFileType = text.plist.xml; path = Info.plist; sourceTree = "<group>"; };
		68C7E92D2A71A23E008CD84F /* Colors.xcassets */ = {isa = PBXFileReference; lastKnownFileType = folder.assetcatalog; path = Colors.xcassets; sourceTree = "<group>"; };
		68F0000C2D3C0FC300F4BA86 /* PrivacyInfo.xcprivacy */ = {isa = PBXFileReference; lastKnownFileType = text.xml; path = PrivacyInfo.xcprivacy; sourceTree = "<group>"; };
		68F1E2202B4AF04500AE3E6D /* lottie-loading.json */ = {isa = PBXFileReference; fileEncoding = 4; lastKnownFileType = text.json; path = "lottie-loading.json"; sourceTree = "<group>"; };
		68EA000000000002AAAA0002 /* emoji_keywords_en.json */ = {isa = PBXFileReference; fileEncoding = 4; lastKnownFileType = text.json; path = emoji_keywords_en.json; sourceTree = "<group>"; };
		68EA000000000003AAAA0003 /* emoji_keywords_tr.json */ = {isa = PBXFileReference; fileEncoding = 4; lastKnownFileType = text.json; path = emoji_keywords_tr.json; sourceTree = "<group>"; };
/* End PBXFileReference section */

/* Begin PBXFileSystemSynchronizedRootGroup section */
		6881A45C2E631FF90033F951 /* Extensions */ = {isa = PBXFileSystemSynchronizedRootGroup; explicitFileTypes = {}; explicitFolders = (); path = Extensions; sourceTree = "<group>"; };
		AA00000000000000000B0001 /* Base */ = {isa = PBXFileSystemSynchronizedRootGroup; explicitFileTypes = {}; explicitFolders = (); path = Base; sourceTree = "<group>"; };
		AA00000000000000000B0002 /* Helpers */ = {isa = PBXFileSystemSynchronizedRootGroup; explicitFileTypes = {}; explicitFolders = (); path = Helpers; sourceTree = "<group>"; };
		AA00000000000000000B0003 /* Network */ = {isa = PBXFileSystemSynchronizedRootGroup; explicitFileTypes = {}; explicitFolders = (); path = Network; sourceTree = "<group>"; };
		AA00000000000000000B0004 /* Scenes */ = {isa = PBXFileSystemSynchronizedRootGroup; explicitFileTypes = {}; explicitFolders = (); path = Scenes; sourceTree = "<group>"; };
		AA00000000000000000B0005 /* UIComponents */ = {isa = PBXFileSystemSynchronizedRootGroup; explicitFileTypes = {}; explicitFolders = (); path = UIComponents; sourceTree = "<group>"; };
/* End PBXFileSystemSynchronizedRootGroup section */

/* Begin PBXFrameworksBuildPhase section */
		68C7E9012A71A1AC008CD84F /* Frameworks */ = {
			isa = PBXFrameworksBuildPhase;
			buildActionMask = 2147483647;
			files = (
				6856CFE62D32ADB900F4BA86 /* Alamofire in Frameworks */,
				68AF25D42E23FDDA003937D1 /* FirebaseFirestore in Frameworks */,
				68AF25CE2E23FDD9003937D1 /* FirebaseAuth in Frameworks */,
				68AF25D62E23FDDA003937D1 /* FirebaseRemoteConfig in Frameworks */,
				68AF25D02E23FDDA003937D1 /* FirebaseCore in Frameworks */,
				6856CFFB2D331A2100F4BA86 /* JsonFellow in Frameworks */,
				6895974C2E23F45000770DF8 /* RevenueCat in Frameworks */,
				6895974E2E23F45000770DF8 /* RevenueCatUI in Frameworks */,
				B6EF0E082B6AA48F0044472A /* Kingfisher in Frameworks */,
				AA00000000000000000C0003 /* Supabase in Frameworks */,
				6826C8442AE2A55700ABB6D9 /* SnapKit in Frameworks */,
				68AF25D22E23FDDA003937D1 /* FirebaseCrashlytics in Frameworks */,
				685319E42B4620B700633D64 /* Lottie in Frameworks */,
				689597512E23F5BC00770DF8 /* FirebaseAnalytics in Frameworks */,
			);
			runOnlyForDeploymentPostprocessing = 0;
		};
/* End PBXFrameworksBuildPhase section */

/* Begin PBXGroup section */
		685319D72B461BD900633D64 /* Animations */ = {
			isa = PBXGroup;
			children = (
				68F1E2202B4AF04500AE3E6D /* lottie-loading.json */,
			);
			path = Animations;
			sourceTree = "<group>";
		};
		68EA000000000001AAAA0001 /* EmojiKeywords */ = {
			isa = PBXGroup;
			children = (
				68EA000000000002AAAA0002 /* emoji_keywords_en.json */,
				68EA000000000003AAAA0003 /* emoji_keywords_tr.json */,
			);
			path = EmojiKeywords;
			sourceTree = "<group>";
		};
		685319DA2B461C6500633D64 /* Images */ = {
			isa = PBXGroup;
			children = (
				6856D00B2D3C0FC300F4BA86 /* BackgroundImages.swift */,
				685319D12B461B3600633D64 /* Imageable+Symbolable.swift */,
				685319DB2B461CD300633D64 /* SFSymbols.swift */,
				685319DD2B461D8400633D64 /* Logo.swift */,
				68B74A422CF35B5C0020658B /* TutorialImage.swift */,
			);
			path = Images;
			sourceTree = "<group>";
		};
		689888022AA3824E00A2D55D /* Configuration */ = {
			isa = PBXGroup;
			children = (
				689888032AA3826800A2D55D /* Configuration.swift */,
				689888052AA3826800A2D55D /* Develop.xcconfig */,
				689888062AA3826800A2D55D /* Release.xcconfig */,
			);
			path = Configuration;
			sourceTree = "<group>";
		};
		6898880F2AA3835200A2D55D /* Colors */ = {
			isa = PBXGroup;
			children = (
				685319CF2B461B2800633D64 /* Colorable.swift */,
				689888112AA3838500A2D55D /* Palette.swift */,
				689888122AA3838500A2D55D /* ColorBackground.swift */,
				689888102AA3838400A2D55D /* ColorText.swift */,
				68F0000A2D3C0FC300F4BA86 /* ColorAction.swift */,
			);
			path = Colors;
			sourceTree = "<group>";
		};
		68C7E8FB2A71A1AC008CD84F = {
			isa = PBXGroup;
			children = (
				68C7E9062A71A1AC008CD84F /* AppSeed */,
				68C7E9052A71A1AC008CD84F /* Products */,
			);
			sourceTree = "<group>";
		};
		68C7E9052A71A1AC008CD84F /* Products */ = {
			isa = PBXGroup;
			children = (
				68C7E9042A71A1AC008CD84F /* AppSeed-develop.app */,
			);
			name = Products;
			sourceTree = "<group>";
		};
		68C7E9062A71A1AC008CD84F /* AppSeed */ = {
			isa = PBXGroup;
			children = (
				68C7E9322A71A2A3008CD84F /* Application */,
				AA00000000000000000B0003 /* Network */,
				AA00000000000000000B0002 /* Helpers */,
				AA00000000000000000B0001 /* Base */,
				AA00000000000000000B0004 /* Scenes */,
				AA00000000000000000B0005 /* UIComponents */,
				6881A45C2E631FF90033F951 /* Extensions */,
				68C7E92A2A71A20B008CD84F /* Resources */,
				689888022AA3824E00A2D55D /* Configuration */,
			);
			path = AppSeed;
			sourceTree = "<group>";
		};
		68C7E92A2A71A20B008CD84F /* Resources */ = {
			isa = PBXGroup;
			children = (
				685319D72B461BD900633D64 /* Animations */,
				68EA000000000001AAAA0001 /* EmojiKeywords */,
				6898880F2AA3835200A2D55D /* Colors */,
				685319DA2B461C6500633D64 /* Images */,
				68C7E9102A71A1AE008CD84F /* Assets.xcassets */,
				68C7E92D2A71A23E008CD84F /* Colors.xcassets */,
				68F0000C2D3C0FC300F4BA86 /* PrivacyInfo.xcprivacy */,
				68C7E9152A71A1AE008CD84F /* Info.plist */,
			);
			path = Resources;
			sourceTree = "<group>";
		};
		68C7E9322A71A2A3008CD84F /* Application */ = {
			isa = PBXGroup;
			children = (
				68C7E9122A71A1AE008CD84F /* LaunchScreen.storyboard */,
				6856CFB32D2ACA9D00F4BA86 /* AppDelegate.swift */,
				68C7E9072A71A1AC008CD84F /* SceneDelegate.swift */,
			);
			path = Application;
			sourceTree = "<group>";
		};
/* End PBXGroup section */

/* Begin PBXNativeTarget section */
		68C7E9032A71A1AC008CD84F /* AppSeed */ = {
			isa = PBXNativeTarget;
			buildConfigurationList = 68C7E9182A71A1AE008CD84F /* Build configuration list for PBXNativeTarget "AppSeed" */;
			buildPhases = (
				68C7E9002A71A1AC008CD84F /* Sources */,
				68C7E9012A71A1AC008CD84F /* Frameworks */,
				68C7E9022A71A1AC008CD84F /* Resources */,
			);
			buildRules = (
			);
			dependencies = (
			);
			fileSystemSynchronizedGroups = (
				6881A45C2E631FF90033F951 /* Extensions */,
				AA00000000000000000B0001 /* Base */,
				AA00000000000000000B0002 /* Helpers */,
				AA00000000000000000B0003 /* Network */,
				AA00000000000000000B0004 /* Scenes */,
				AA00000000000000000B0005 /* UIComponents */,
			);
			name = AppSeed;
			packageProductDependencies = (
				6826C8432AE2A55700ABB6D9 /* SnapKit */,
				685319E32B4620B700633D64 /* Lottie */,
				B6EF0E072B6AA48F0044472A /* Kingfisher */,
				AA00000000000000000C0002 /* Supabase */,
				6856CFE52D32ADB900F4BA86 /* Alamofire */,
				6856CFFA2D331A2100F4BA86 /* JsonFellow */,
				6895974B2E23F45000770DF8 /* RevenueCat */,
				6895974D2E23F45000770DF8 /* RevenueCatUI */,
				689597502E23F5BC00770DF8 /* FirebaseAnalytics */,
				68AF25CD2E23FDD9003937D1 /* FirebaseAuth */,
				68AF25CF2E23FDDA003937D1 /* FirebaseCore */,
				68AF25D12E23FDDA003937D1 /* FirebaseCrashlytics */,
				68AF25D32E23FDDA003937D1 /* FirebaseFirestore */,
				68AF25D52E23FDDA003937D1 /* FirebaseRemoteConfig */,
			);
			productName = pawsome;
			productReference = 68C7E9042A71A1AC008CD84F /* AppSeed-develop.app */;
			productType = "com.apple.product-type.application";
		};
/* End PBXNativeTarget section */

/* Begin PBXProject section */
		68C7E8FC2A71A1AC008CD84F /* Project object */ = {
			isa = PBXProject;
			attributes = {
				BuildIndependentTargetsInParallel = 1;
				LastSwiftUpdateCheck = 1430;
				LastUpgradeCheck = 1430;
				TargetAttributes = {
					68C7E9032A71A1AC008CD84F = {
						CreatedOnToolsVersion = 14.3.1;
					};
				};
			};
			buildConfigurationList = 68C7E8FF2A71A1AC008CD84F /* Build configuration list for PBXProject "AppSeed" */;
			compatibilityVersion = "Xcode 14.0";
			developmentRegion = en;
			hasScannedForEncodings = 0;
			knownRegions = (
				en,
				Base,
				tr,
			);
			mainGroup = 68C7E8FB2A71A1AC008CD84F;
			packageReferences = (
				6826C8422AE2A55700ABB6D9 /* XCRemoteSwiftPackageReference "SnapKit" */,
				685319E22B4620B700633D64 /* XCRemoteSwiftPackageReference "lottie-spm" */,
				B6EF0E062B6AA48F0044472A /* XCRemoteSwiftPackageReference "Kingfisher" */,
				AA00000000000000000C0001 /* XCRemoteSwiftPackageReference "supabase-swift" */,
				6856CFE42D32ADB900F4BA86 /* XCRemoteSwiftPackageReference "Alamofire" */,
				6856CFF92D331A2100F4BA86 /* XCRemoteSwiftPackageReference "JsonFellow" */,
				6895974A2E23F45000770DF8 /* XCRemoteSwiftPackageReference "purchases-ios" */,
				6895974F2E23F5BC00770DF8 /* XCRemoteSwiftPackageReference "firebase-ios-sdk" */,
			);
			productRefGroup = 68C7E9052A71A1AC008CD84F /* Products */;
			projectDirPath = "";
			projectRoot = "";
			targets = (
				68C7E9032A71A1AC008CD84F /* AppSeed */,
			);
		};
/* End PBXProject section */

/* Begin PBXResourcesBuildPhase section */
		68C7E9022A71A1AC008CD84F /* Resources */ = {
			isa = PBXResourcesBuildPhase;
			buildActionMask = 2147483647;
			files = (
				689888092AA3826800A2D55D /* Develop.xcconfig in Resources */,
				6898880A2AA3826800A2D55D /* Release.xcconfig in Resources */,
				68C7E9142A71A1AE008CD84F /* LaunchScreen.storyboard in Resources */,
				68C7E92E2A71A23E008CD84F /* Colors.xcassets in Resources */,
				68F0000D2D3C0FC300F4BA86 /* PrivacyInfo.xcprivacy in Resources */,
				68C7E9112A71A1AE008CD84F /* Assets.xcassets in Resources */,
				68F1E2212B4AF04500AE3E6D /* lottie-loading.json in Resources */,
				68EA000000000004AAAA0004 /* emoji_keywords_en.json in Resources */,
				68EA000000000005AAAA0005 /* emoji_keywords_tr.json in Resources */,
			);
			runOnlyForDeploymentPostprocessing = 0;
		};
/* End PBXResourcesBuildPhase section */

/* Begin PBXSourcesBuildPhase section */
		68C7E9002A71A1AC008CD84F /* Sources */ = {
			isa = PBXSourcesBuildPhase;
			buildActionMask = 2147483647;
			files = (
				689888142AA3838500A2D55D /* Palette.swift in Sources */,
				685319DE2B461D8400633D64 /* Logo.swift in Sources */,
				68C7E9082A71A1AC008CD84F /* SceneDelegate.swift in Sources */,
				685319D22B461B3600633D64 /* Imageable+Symbolable.swift in Sources */,
				685319DC2B461CD300633D64 /* SFSymbols.swift in Sources */,
				689888152AA3838500A2D55D /* ColorBackground.swift in Sources */,
				68F0000B2D3C0FC300F4BA86 /* ColorAction.swift in Sources */,
				68B74A432CF35B5C0020658B /* TutorialImage.swift in Sources */,
				689888072AA3826800A2D55D /* Configuration.swift in Sources */,
				6856D00C2D3C0FCB00F4BA86 /* BackgroundImages.swift in Sources */,
				689888132AA3838500A2D55D /* ColorText.swift in Sources */,
				685319D02B461B2800633D64 /* Colorable.swift in Sources */,
				6856CFB42D2ACAA000F4BA86 /* AppDelegate.swift in Sources */,
			);
			runOnlyForDeploymentPostprocessing = 0;
		};
/* End PBXSourcesBuildPhase section */

/* Begin PBXVariantGroup section */
		68C7E9122A71A1AE008CD84F /* LaunchScreen.storyboard */ = {
			isa = PBXVariantGroup;
			children = (
				68C7E9132A71A1AE008CD84F /* Base */,
			);
			name = LaunchScreen.storyboard;
			sourceTree = "<group>";
		};
/* End PBXVariantGroup section */

/* Begin XCBuildConfiguration section */
		6826C83A2AE29C9D00ABB6D9 /* Develop */ = {
			isa = XCBuildConfiguration;
			baseConfigurationReference = 689888052AA3826800A2D55D /* Develop.xcconfig */;
			buildSettings = {
				ALWAYS_SEARCH_USER_PATHS = NO;
				CLANG_ANALYZER_LOCALIZABILITY_NONLOCALIZED = YES;
				CLANG_ANALYZER_NONNULL = YES;
				CLANG_ANALYZER_NUMBER_OBJECT_CONVERSION = YES_AGGRESSIVE;
				CLANG_CXX_LANGUAGE_STANDARD = "gnu++20";
				CLANG_ENABLE_MODULES = YES;
				CLANG_ENABLE_OBJC_ARC = YES;
				CLANG_ENABLE_OBJC_WEAK = YES;
				CLANG_WARN_BLOCK_CAPTURE_AUTORELEASING = YES;
				CLANG_WARN_BOOL_CONVERSION = YES;
				CLANG_WARN_COMMA = YES;
				CLANG_WARN_CONSTANT_CONVERSION = YES;
				CLANG_WARN_DEPRECATED_OBJC_IMPLEMENTATIONS = YES;
				CLANG_WARN_DIRECT_OBJC_ISA_USAGE = YES_ERROR;
				CLANG_WARN_DOCUMENTATION_COMMENTS = YES;
				CLANG_WARN_EMPTY_BODY = YES;
				CLANG_WARN_ENUM_CONVERSION = YES;
				CLANG_WARN_INFINITE_RECURSION = YES;
				CLANG_WARN_INT_CONVERSION = YES;
				CLANG_WARN_NON_LITERAL_NULL_CONVERSION = YES;
				CLANG_WARN_OBJC_IMPLICIT_RETAIN_SELF = YES;
				CLANG_WARN_OBJC_LITERAL_CONVERSION = YES;
				CLANG_WARN_OBJC_ROOT_CLASS = YES_ERROR;
				CLANG_WARN_QUOTED_INCLUDE_IN_FRAMEWORK_HEADER = YES;
				CLANG_WARN_RANGE_LOOP_ANALYSIS = YES;
				CLANG_WARN_STRICT_PROTOTYPES = YES;
				CLANG_WARN_SUSPICIOUS_MOVE = YES;
				CLANG_WARN_UNGUARDED_AVAILABILITY = YES_AGGRESSIVE;
				CLANG_WARN_UNREACHABLE_CODE = YES;
				CLANG_WARN__DUPLICATE_METHOD_MATCH = YES;
				COPY_PHASE_STRIP = NO;
				DEBUG_INFORMATION_FORMAT = dwarf;
				ENABLE_STRICT_OBJC_MSGSEND = YES;
				ENABLE_TESTABILITY = YES;
				GCC_C_LANGUAGE_STANDARD = gnu11;
				GCC_DYNAMIC_NO_PIC = NO;
				GCC_NO_COMMON_BLOCKS = YES;
				GCC_OPTIMIZATION_LEVEL = 0;
				GCC_PREPROCESSOR_DEFINITIONS = (
					"DEBUG=1",
					"$(inherited)",
				);
				GCC_WARN_64_TO_32_BIT_CONVERSION = YES;
				GCC_WARN_ABOUT_RETURN_TYPE = YES_ERROR;
				GCC_WARN_UNDECLARED_SELECTOR = YES;
				GCC_WARN_UNINITIALIZED_AUTOS = YES_AGGRESSIVE;
				GCC_WARN_UNUSED_FUNCTION = YES;
				GCC_WARN_UNUSED_VARIABLE = YES;
				IPHONEOS_DEPLOYMENT_TARGET = 17.0;
				MTL_ENABLE_DEBUG_INFO = INCLUDE_SOURCE;
				MTL_FAST_MATH = YES;
				ONLY_ACTIVE_ARCH = YES;
				PRODUCT_MODULE_NAME = "";
				SDKROOT = iphoneos;
				SWIFT_ACTIVE_COMPILATION_CONDITIONS = DEBUG;
				SWIFT_EMIT_LOC_STRINGS = YES;
				SWIFT_OPTIMIZATION_LEVEL = "-Onone";
			};
			name = Develop;
		};
		6826C83B2AE29C9D00ABB6D9 /* Develop */ = {
			isa = XCBuildConfiguration;
			buildSettings = {
				ASSETCATALOG_COMPILER_APPICON_NAME = AppIcon;
				ASSETCATALOG_COMPILER_GLOBAL_ACCENT_COLOR_NAME = AccentColor;
				CODE_SIGN_STYLE = Automatic;
				CURRENT_PROJECT_VERSION = 1;
				DEVELOPMENT_TEAM = 69V5T68KT9;
				GENERATE_INFOPLIST_FILE = YES;
				INFOPLIST_FILE = AppSeed/Resources/Info.plist;
				INFOPLIST_KEY_UIApplicationSupportsIndirectInputEvents = YES;
				INFOPLIST_KEY_UILaunchStoryboardName = LaunchScreen.storyboard;
				INFOPLIST_KEY_UISupportedInterfaceOrientations = UIInterfaceOrientationPortrait;
				IPHONEOS_DEPLOYMENT_TARGET = 17.0;
				LD_RUNPATH_SEARCH_PATHS = (
					"$(inherited)",
					"@executable_path/Frameworks",
				);
				MARKETING_VERSION = 1.0.0;
				PRODUCT_BUNDLE_IDENTIFIER = "$(PRODUCT_BUNDLE_IDENTIFIER)";
				PRODUCT_MODULE_NAME = AppSeed;
				PRODUCT_NAME = $PRODUCT_APP_NAME;
				SWIFT_EMIT_LOC_STRINGS = YES;
				SWIFT_VERSION = 5.0;
				TARGETED_DEVICE_FAMILY = "1,2";
			};
			name = Develop;
		};
		68C7E9172A71A1AE008CD84F /* Release */ = {
			isa = XCBuildConfiguration;
			baseConfigurationReference = 689888062AA3826800A2D55D /* Release.xcconfig */;
			buildSettings = {
				ALWAYS_SEARCH_USER_PATHS = NO;
				CLANG_ANALYZER_LOCALIZABILITY_NONLOCALIZED = YES;
				CLANG_ANALYZER_NONNULL = YES;
				CLANG_ANALYZER_NUMBER_OBJECT_CONVERSION = YES_AGGRESSIVE;
				CLANG_CXX_LANGUAGE_STANDARD = "gnu++20";
				CLANG_ENABLE_MODULES = YES;
				CLANG_ENABLE_OBJC_ARC = YES;
				CLANG_ENABLE_OBJC_WEAK = YES;
				CLANG_WARN_BLOCK_CAPTURE_AUTORELEASING = YES;
				CLANG_WARN_BOOL_CONVERSION = YES;
				CLANG_WARN_COMMA = YES;
				CLANG_WARN_CONSTANT_CONVERSION = YES;
				CLANG_WARN_DEPRECATED_OBJC_IMPLEMENTATIONS = YES;
				CLANG_WARN_DIRECT_OBJC_ISA_USAGE = YES_ERROR;
				CLANG_WARN_DOCUMENTATION_COMMENTS = YES;
				CLANG_WARN_EMPTY_BODY = YES;
				CLANG_WARN_ENUM_CONVERSION = YES;
				CLANG_WARN_INFINITE_RECURSION = YES;
				CLANG_WARN_INT_CONVERSION = YES;
				CLANG_WARN_NON_LITERAL_NULL_CONVERSION = YES;
				CLANG_WARN_OBJC_IMPLICIT_RETAIN_SELF = YES;
				CLANG_WARN_OBJC_LITERAL_CONVERSION = YES;
				CLANG_WARN_OBJC_ROOT_CLASS = YES_ERROR;
				CLANG_WARN_QUOTED_INCLUDE_IN_FRAMEWORK_HEADER = YES;
				CLANG_WARN_RANGE_LOOP_ANALYSIS = YES;
				CLANG_WARN_STRICT_PROTOTYPES = YES;
				CLANG_WARN_SUSPICIOUS_MOVE = YES;
				CLANG_WARN_UNGUARDED_AVAILABILITY = YES_AGGRESSIVE;
				CLANG_WARN_UNREACHABLE_CODE = YES;
				CLANG_WARN__DUPLICATE_METHOD_MATCH = YES;
				COPY_PHASE_STRIP = NO;
				DEBUG_INFORMATION_FORMAT = "dwarf-with-dsym";
				ENABLE_NS_ASSERTIONS = NO;
				ENABLE_STRICT_OBJC_MSGSEND = YES;
				GCC_C_LANGUAGE_STANDARD = gnu11;
				GCC_NO_COMMON_BLOCKS = YES;
				GCC_WARN_64_TO_32_BIT_CONVERSION = YES;
				GCC_WARN_ABOUT_RETURN_TYPE = YES_ERROR;
				GCC_WARN_UNDECLARED_SELECTOR = YES;
				GCC_WARN_UNINITIALIZED_AUTOS = YES_AGGRESSIVE;
				GCC_WARN_UNUSED_FUNCTION = YES;
				GCC_WARN_UNUSED_VARIABLE = YES;
				IPHONEOS_DEPLOYMENT_TARGET = 17.0;
				MTL_ENABLE_DEBUG_INFO = NO;
				MTL_FAST_MATH = YES;
				PRODUCT_MODULE_NAME = "";
				SDKROOT = iphoneos;
				SWIFT_COMPILATION_MODE = wholemodule;
				SWIFT_EMIT_LOC_STRINGS = YES;
				SWIFT_OPTIMIZATION_LEVEL = "-O";
				VALIDATE_PRODUCT = YES;
			};
			name = Release;
		};
		68C7E91A2A71A1AE008CD84F /* Release */ = {
			isa = XCBuildConfiguration;
			buildSettings = {
				ASSETCATALOG_COMPILER_APPICON_NAME = AppIcon;
				ASSETCATALOG_COMPILER_GLOBAL_ACCENT_COLOR_NAME = AccentColor;
				CODE_SIGN_STYLE = Automatic;
				CURRENT_PROJECT_VERSION = 1;
				DEVELOPMENT_TEAM = 69V5T68KT9;
				GENERATE_INFOPLIST_FILE = YES;
				INFOPLIST_FILE = AppSeed/Resources/Info.plist;
				INFOPLIST_KEY_UIApplicationSupportsIndirectInputEvents = YES;
				INFOPLIST_KEY_UILaunchStoryboardName = LaunchScreen.storyboard;
				INFOPLIST_KEY_UISupportedInterfaceOrientations = UIInterfaceOrientationPortrait;
				IPHONEOS_DEPLOYMENT_TARGET = 17.0;
				LD_RUNPATH_SEARCH_PATHS = (
					"$(inherited)",
					"@executable_path/Frameworks",
				);
				MARKETING_VERSION = 1.0.0;
				PRODUCT_BUNDLE_IDENTIFIER = "$(PRODUCT_BUNDLE_IDENTIFIER)";
				PRODUCT_MODULE_NAME = AppSeed;
				PRODUCT_NAME = $PRODUCT_APP_NAME;
				SWIFT_EMIT_LOC_STRINGS = YES;
				SWIFT_VERSION = 5.0;
				TARGETED_DEVICE_FAMILY = "1,2";
			};
			name = Release;
		};
/* End XCBuildConfiguration section */

/* Begin XCConfigurationList section */
		68C7E8FF2A71A1AC008CD84F /* Build configuration list for PBXProject "AppSeed" */ = {
			isa = XCConfigurationList;
			buildConfigurations = (
				6826C83A2AE29C9D00ABB6D9 /* Develop */,
				68C7E9172A71A1AE008CD84F /* Release */,
			);
			defaultConfigurationIsVisible = 0;
			defaultConfigurationName = Release;
		};
		68C7E9182A71A1AE008CD84F /* Build configuration list for PBXNativeTarget "AppSeed" */ = {
			isa = XCConfigurationList;
			buildConfigurations = (
				6826C83B2AE29C9D00ABB6D9 /* Develop */,
				68C7E91A2A71A1AE008CD84F /* Release */,
			);
			defaultConfigurationIsVisible = 0;
			defaultConfigurationName = Release;
		};
/* End XCConfigurationList section */

/* Begin XCRemoteSwiftPackageReference section */
		6826C8422AE2A55700ABB6D9 /* XCRemoteSwiftPackageReference "SnapKit" */ = {
			isa = XCRemoteSwiftPackageReference;
			repositoryURL = "https://github.com/SnapKit/SnapKit";
			requirement = {
				kind = upToNextMajorVersion;
				minimumVersion = 5.0.0;
			};
		};
		685319E22B4620B700633D64 /* XCRemoteSwiftPackageReference "lottie-spm" */ = {
			isa = XCRemoteSwiftPackageReference;
			repositoryURL = "https://github.com/airbnb/lottie-spm.git";
			requirement = {
				kind = upToNextMajorVersion;
				minimumVersion = 4.3.4;
			};
		};
		6856CFE42D32ADB900F4BA86 /* XCRemoteSwiftPackageReference "Alamofire" */ = {
			isa = XCRemoteSwiftPackageReference;
			repositoryURL = "https://github.com/Alamofire/Alamofire";
			requirement = {
				kind = upToNextMajorVersion;
				minimumVersion = 5.10.2;
			};
		};
		6856CFF92D331A2100F4BA86 /* XCRemoteSwiftPackageReference "JsonFellow" */ = {
			isa = XCRemoteSwiftPackageReference;
			repositoryURL = "https://github.com/tunayyalverr/JsonFellow";
			requirement = {
				kind = upToNextMajorVersion;
				minimumVersion = 1.0.1;
			};
		};
		6895974A2E23F45000770DF8 /* XCRemoteSwiftPackageReference "purchases-ios" */ = {
			isa = XCRemoteSwiftPackageReference;
			repositoryURL = "https://github.com/RevenueCat/purchases-ios";
			requirement = {
				kind = upToNextMajorVersion;
				minimumVersion = 5.32.0;
			};
		};
		6895974F2E23F5BC00770DF8 /* XCRemoteSwiftPackageReference "firebase-ios-sdk" */ = {
			isa = XCRemoteSwiftPackageReference;
			repositoryURL = "https://github.com/firebase/firebase-ios-sdk";
			requirement = {
				kind = upToNextMajorVersion;
				minimumVersion = 11.15.0;
			};
		};
		B6EF0E062B6AA48F0044472A /* XCRemoteSwiftPackageReference "Kingfisher" */ = {
			isa = XCRemoteSwiftPackageReference;
			repositoryURL = "https://github.com/onevcat/Kingfisher.git";
			requirement = {
				kind = upToNextMajorVersion;
				minimumVersion = 7.0.0;
			};
		};
		AA00000000000000000C0001 /* XCRemoteSwiftPackageReference "supabase-swift" */ = {
			isa = XCRemoteSwiftPackageReference;
			repositoryURL = "https://github.com/supabase/supabase-swift";
			requirement = {
				kind = upToNextMajorVersion;
				minimumVersion = 2.0.0;
			};
		};
/* End XCRemoteSwiftPackageReference section */

/* Begin XCSwiftPackageProductDependency section */
		6826C8432AE2A55700ABB6D9 /* SnapKit */ = {
			isa = XCSwiftPackageProductDependency;
			package = 6826C8422AE2A55700ABB6D9 /* XCRemoteSwiftPackageReference "SnapKit" */;
			productName = SnapKit;
		};
		685319E32B4620B700633D64 /* Lottie */ = {
			isa = XCSwiftPackageProductDependency;
			package = 685319E22B4620B700633D64 /* XCRemoteSwiftPackageReference "lottie-spm" */;
			productName = Lottie;
		};
		6856CFE52D32ADB900F4BA86 /* Alamofire */ = {
			isa = XCSwiftPackageProductDependency;
			package = 6856CFE42D32ADB900F4BA86 /* XCRemoteSwiftPackageReference "Alamofire" */;
			productName = Alamofire;
		};
		6856CFFA2D331A2100F4BA86 /* JsonFellow */ = {
			isa = XCSwiftPackageProductDependency;
			package = 6856CFF92D331A2100F4BA86 /* XCRemoteSwiftPackageReference "JsonFellow" */;
			productName = JsonFellow;
		};
		6895974B2E23F45000770DF8 /* RevenueCat */ = {
			isa = XCSwiftPackageProductDependency;
			package = 6895974A2E23F45000770DF8 /* XCRemoteSwiftPackageReference "purchases-ios" */;
			productName = RevenueCat;
		};
		6895974D2E23F45000770DF8 /* RevenueCatUI */ = {
			isa = XCSwiftPackageProductDependency;
			package = 6895974A2E23F45000770DF8 /* XCRemoteSwiftPackageReference "purchases-ios" */;
			productName = RevenueCatUI;
		};
		689597502E23F5BC00770DF8 /* FirebaseAnalytics */ = {
			isa = XCSwiftPackageProductDependency;
			package = 6895974F2E23F5BC00770DF8 /* XCRemoteSwiftPackageReference "firebase-ios-sdk" */;
			productName = FirebaseAnalytics;
		};
		68AF25CD2E23FDD9003937D1 /* FirebaseAuth */ = {
			isa = XCSwiftPackageProductDependency;
			package = 6895974F2E23F5BC00770DF8 /* XCRemoteSwiftPackageReference "firebase-ios-sdk" */;
			productName = FirebaseAuth;
		};
		68AF25CF2E23FDDA003937D1 /* FirebaseCore */ = {
			isa = XCSwiftPackageProductDependency;
			package = 6895974F2E23F5BC00770DF8 /* XCRemoteSwiftPackageReference "firebase-ios-sdk" */;
			productName = FirebaseCore;
		};
		68AF25D12E23FDDA003937D1 /* FirebaseCrashlytics */ = {
			isa = XCSwiftPackageProductDependency;
			package = 6895974F2E23F5BC00770DF8 /* XCRemoteSwiftPackageReference "firebase-ios-sdk" */;
			productName = FirebaseCrashlytics;
		};
		68AF25D32E23FDDA003937D1 /* FirebaseFirestore */ = {
			isa = XCSwiftPackageProductDependency;
			package = 6895974F2E23F5BC00770DF8 /* XCRemoteSwiftPackageReference "firebase-ios-sdk" */;
			productName = FirebaseFirestore;
		};
		68AF25D52E23FDDA003937D1 /* FirebaseRemoteConfig */ = {
			isa = XCSwiftPackageProductDependency;
			package = 6895974F2E23F5BC00770DF8 /* XCRemoteSwiftPackageReference "firebase-ios-sdk" */;
			productName = FirebaseRemoteConfig;
		};
		B6EF0E072B6AA48F0044472A /* Kingfisher */ = {
			isa = XCSwiftPackageProductDependency;
			package = B6EF0E062B6AA48F0044472A /* XCRemoteSwiftPackageReference "Kingfisher" */;
			productName = Kingfisher;
		};
		AA00000000000000000C0002 /* Supabase */ = {
			isa = XCSwiftPackageProductDependency;
			package = AA00000000000000000C0001 /* XCRemoteSwiftPackageReference "supabase-swift" */;
			productName = Supabase;
		};
/* End XCSwiftPackageProductDependency section */
	};
	rootObject = 68C7E8FC2A71A1AC008CD84F /* Project object */;
}
