// !$*UTF8*$!
{
	archiveVersion = 1;
	classes = {
	};
	objectVersion = 70;
	objects = {

/* Begin PBXBuildFile section */
		6826C8442AE2A55700ABB6D9 /* SnapKit in Frameworks */ = {isa = PBXBuildFile; productRef = 6826C8432AE2A55700ABB6D9 /* SnapKit */; };
		682E1E392CEA3D43008F3855 /* TutorialViewModel.swift in Sources */ = {isa = PBXBuildFile; fileRef = 682E1E352CEA3D43008F3855 /* TutorialViewModel.swift */; };
		682E1E3A2CEA3D43008F3855 /* TutorialViewController.swift in Sources */ = {isa = PBXBuildFile; fileRef = 682E1E362CEA3D43008F3855 /* TutorialViewController.swift */; };
		682E1E3B2CEA3D43008F3855 /* TutorialRouter.swift in Sources */ = {isa = PBXBuildFile; fileRef = 682E1E372CEA3D43008F3855 /* TutorialRouter.swift */; };
		682E1E3C2CEA3D43008F3855 /* TutorialBuilder.swift in Sources */ = {isa = PBXBuildFile; fileRef = 682E1E382CEA3D43008F3855 /* TutorialBuilder.swift */; };
		684F5C492E2299720091D6B9 /* Logger.swift in Sources */ = {isa = PBXBuildFile; fileRef = 684F5C482E2299720091D6B9 /* Logger.swift */; };
		684F5C552E229E580091D6B9 /* UserPlan.swift in Sources */ = {isa = PBXBuildFile; fileRef = 684F5C542E229E580091D6B9 /* UserPlan.swift */; };
		684F5C572E22A0590091D6B9 /* IAPHelper.swift in Sources */ = {isa = PBXBuildFile; fileRef = 684F5C562E22A0590091D6B9 /* IAPHelper.swift */; };
		684F5C592E22A7780091D6B9 /* StoreKitConfig.storekit in Resources */ = {isa = PBXBuildFile; fileRef = 684F5C582E22A7780091D6B9 /* StoreKitConfig.storekit */; };
		684F5C5C2E22A8420091D6B9 /* RemoteConfigHelper.swift in Sources */ = {isa = PBXBuildFile; fileRef = 684F5C5B2E22A8420091D6B9 /* RemoteConfigHelper.swift */; };
		684F5C6A2E22AD000091D6B9 /* IQKeyboardManagerSwift in Frameworks */ = {isa = PBXBuildFile; productRef = 684F5C692E22AD000091D6B9 /* IQKeyboardManagerSwift */; };
		685209DD2E649E93009E789A /* ResponseReplicate.swift in Sources */ = {isa = PBXBuildFile; fileRef = 685209DC2E649E93009E789A /* ResponseReplicate.swift */; };
		685319C52B46191900633D64 /* BaseCollectionView.swift in Sources */ = {isa = PBXBuildFile; fileRef = 685319C42B46191900633D64 /* BaseCollectionView.swift */; };
		685319C72B46192300633D64 /* BaseCollectionViewCell.swift in Sources */ = {isa = PBXBuildFile; fileRef = 685319C62B46192300633D64 /* BaseCollectionViewCell.swift */; };
		685319CC2B4619A200633D64 /* BaseTableView.swift in Sources */ = {isa = PBXBuildFile; fileRef = 685319CB2B4619A200633D64 /* BaseTableView.swift */; };
		685319CE2B4619DE00633D64 /* BaseTableViewCell.swift in Sources */ = {isa = PBXBuildFile; fileRef = 685319CD2B4619DE00633D64 /* BaseTableViewCell.swift */; };
		685319D02B461B2800633D64 /* Colorable.swift in Sources */ = {isa = PBXBuildFile; fileRef = 685319CF2B461B2800633D64 /* Colorable.swift */; };
		685319D22B461B3600633D64 /* Imageable+Symbolable.swift in Sources */ = {isa = PBXBuildFile; fileRef = 685319D12B461B3600633D64 /* Imageable+Symbolable.swift */; };
		685319DC2B461CD300633D64 /* SFSymbols.swift in Sources */ = {isa = PBXBuildFile; fileRef = 685319DB2B461CD300633D64 /* SFSymbols.swift */; };
		685319DE2B461D8400633D64 /* Logo.swift in Sources */ = {isa = PBXBuildFile; fileRef = 685319DD2B461D8400633D64 /* Logo.swift */; };
		685319E12B461DC100633D64 /* HudView.swift in Sources */ = {isa = PBXBuildFile; fileRef = 685319E02B461DC100633D64 /* HudView.swift */; };
		685319E42B4620B700633D64 /* Lottie in Frameworks */ = {isa = PBXBuildFile; productRef = 685319E32B4620B700633D64 /* Lottie */; };
		685319E72B4620EE00633D64 /* BaseImageView.swift in Sources */ = {isa = PBXBuildFile; fileRef = 685319E62B4620EE00633D64 /* BaseImageView.swift */; };
		685319E92B46215C00633D64 /* CircleImageView.swift in Sources */ = {isa = PBXBuildFile; fileRef = 685319E82B46215C00633D64 /* CircleImageView.swift */; };
		6856CFAF2D2AC31A00F4BA86 /* ScrollTestRouter.swift in Sources */ = {isa = PBXBuildFile; fileRef = 6856CFAC2D2AC31A00F4BA86 /* ScrollTestRouter.swift */; };
		6856CFB02D2AC31A00F4BA86 /* ScrollTestViewModel.swift in Sources */ = {isa = PBXBuildFile; fileRef = 6856CFAE2D2AC31A00F4BA86 /* ScrollTestViewModel.swift */; };
		6856CFB12D2AC31A00F4BA86 /* ScrollTestBuilder.swift in Sources */ = {isa = PBXBuildFile; fileRef = 6856CFAB2D2AC31A00F4BA86 /* ScrollTestBuilder.swift */; };
		6856CFB22D2AC31A00F4BA86 /* ScrollTestViewController.swift in Sources */ = {isa = PBXBuildFile; fileRef = 6856CFAD2D2AC31A00F4BA86 /* ScrollTestViewController.swift */; };
		6856CFB42D2ACAA000F4BA86 /* AppDelegate.swift in Sources */ = {isa = PBXBuildFile; fileRef = 6856CFB32D2ACA9D00F4BA86 /* AppDelegate.swift */; };
		6856CFC82D328F1400F4BA86 /* RequestProtocols.swift in Sources */ = {isa = PBXBuildFile; fileRef = 6856CFC72D328F1100F4BA86 /* RequestProtocols.swift */; };
		6856CFCC2D328F5B00F4BA86 /* RequestObjectProtocol.swift in Sources */ = {isa = PBXBuildFile; fileRef = 6856CFCB2D328F5A00F4BA86 /* RequestObjectProtocol.swift */; };
		6856CFCE2D328F8300F4BA86 /* RequestManager.swift in Sources */ = {isa = PBXBuildFile; fileRef = 6856CFCD2D328F8100F4BA86 /* RequestManager.swift */; };
		6856CFD02D328F9600F4BA86 /* ResponseError.swift in Sources */ = {isa = PBXBuildFile; fileRef = 6856CFCF2D328F9300F4BA86 /* ResponseError.swift */; };
		6856CFDA2D32917800F4BA86 /* QueryParameters.swift in Sources */ = {isa = PBXBuildFile; fileRef = 6856CFD92D32917400F4BA86 /* QueryParameters.swift */; };
		6856CFE12D329F0C00F4BA86 /* ResponseGPT.swift in Sources */ = {isa = PBXBuildFile; fileRef = 6856CFE02D329F0900F4BA86 /* ResponseGPT.swift */; };
		6856CFE32D32A4D400F4BA86 /* RequestGPT.swift in Sources */ = {isa = PBXBuildFile; fileRef = 6856CFE22D32A4D100F4BA86 /* RequestGPT.swift */; };
		6856CFE62D32ADB900F4BA86 /* Alamofire in Frameworks */ = {isa = PBXBuildFile; productRef = 6856CFE52D32ADB900F4BA86 /* Alamofire */; };
		6856CFEA2D32B04B00F4BA86 /* BaseUrl.swift in Sources */ = {isa = PBXBuildFile; fileRef = 6856CFE92D32B04700F4BA86 /* BaseUrl.swift */; };
		6856CFF12D32CFEE00F4BA86 /* GPTModels.swift in Sources */ = {isa = PBXBuildFile; fileRef = 6856CFF02D32CFE900F4BA86 /* GPTModels.swift */; };
		6856CFF32D32D04C00F4BA86 /* RequestDALLE.swift in Sources */ = {isa = PBXBuildFile; fileRef = 6856CFF22D32D04800F4BA86 /* RequestDALLE.swift */; };
		6856CFF52D32D29200F4BA86 /* ResponseDALLE.swift in Sources */ = {isa = PBXBuildFile; fileRef = 6856CFF42D32D28E00F4BA86 /* ResponseDALLE.swift */; };
		6856CFF82D3314F900F4BA86 /* KeychainHelper.swift in Sources */ = {isa = PBXBuildFile; fileRef = 6856CFF72D3314F400F4BA86 /* KeychainHelper.swift */; };
		6856CFFB2D331A2100F4BA86 /* JsonFellow in Frameworks */ = {isa = PBXBuildFile; productRef = 6856CFFA2D331A2100F4BA86 /* JsonFellow */; };
		6856CFFF2D340C1C00F4BA86 /* GptService.swift in Sources */ = {isa = PBXBuildFile; fileRef = 6856CFFE2D340C1900F4BA86 /* GptService.swift */; };
		6856D0012D3861D100F4BA86 /* UserDefaultsWrapper.swift in Sources */ = {isa = PBXBuildFile; fileRef = 6856D0002D3861C900F4BA86 /* UserDefaultsWrapper.swift */; };
		6856D0042D3BC05F00F4BA86 /* LoadingHelper.swift in Sources */ = {isa = PBXBuildFile; fileRef = 6856D0032D3BC05C00F4BA86 /* LoadingHelper.swift */; };
		6856D0062D3BD92200F4BA86 /* ResponseErrorGPT.swift in Sources */ = {isa = PBXBuildFile; fileRef = 6856D0052D3BD91400F4BA86 /* ResponseErrorGPT.swift */; };
		6856D00C2D3C0FCB00F4BA86 /* BackgroundImages.swift in Sources */ = {isa = PBXBuildFile; fileRef = 6856D00B2D3C0FC300F4BA86 /* BackgroundImages.swift */; };
		685F07762A84347A00F5EF1F /* Typealias.swift in Sources */ = {isa = PBXBuildFile; fileRef = 685F07752A84347A00F5EF1F /* Typealias.swift */; };
		685F077B2A8460B200F5EF1F /* BaseTabbarController.swift in Sources */ = {isa = PBXBuildFile; fileRef = 685F077A2A8460B200F5EF1F /* BaseTabbarController.swift */; };
		685F077E2A84614400F5EF1F /* BaseButton.swift in Sources */ = {isa = PBXBuildFile; fileRef = 685F077D2A84614400F5EF1F /* BaseButton.swift */; };
		6881A4742E6320840033F951 /* BaseLabel.swift in Sources */ = {isa = PBXBuildFile; fileRef = 6881A4732E6320840033F951 /* BaseLabel.swift */; };
		6881A4762E6320A90033F951 /* CopyableLabel.swift in Sources */ = {isa = PBXBuildFile; fileRef = 6881A4752E6320A90033F951 /* CopyableLabel.swift */; };
		6881A4782E6320E10033F951 /* RequestReplicate.swift in Sources */ = {isa = PBXBuildFile; fileRef = 6881A4772E6320E10033F951 /* RequestReplicate.swift */; };
		6881A47A2E632FBD0033F951 /* RemoteConfigCacher.swift in Sources */ = {isa = PBXBuildFile; fileRef = 6881A4792E632FBD0033F951 /* RemoteConfigCacher.swift */; };
		6895974C2E23F45000770DF8 /* RevenueCat in Frameworks */ = {isa = PBXBuildFile; productRef = 6895974B2E23F45000770DF8 /* RevenueCat */; };
		6895974E2E23F45000770DF8 /* RevenueCatUI in Frameworks */ = {isa = PBXBuildFile; productRef = 6895974D2E23F45000770DF8 /* RevenueCatUI */; };
		689597512E23F5BC00770DF8 /* FirebaseAnalytics in Frameworks */ = {isa = PBXBuildFile; productRef = 689597502E23F5BC00770DF8 /* FirebaseAnalytics */; };
		689888072AA3826800A2D55D /* Configuration.swift in Sources */ = {isa = PBXBuildFile; fileRef = 689888032AA3826800A2D55D /* Configuration.swift */; };
		689888092AA3826800A2D55D /* Develop.xcconfig in Resources */ = {isa = PBXBuildFile; fileRef = 689888052AA3826800A2D55D /* Develop.xcconfig */; };
		6898880A2AA3826800A2D55D /* Release.xcconfig in Resources */ = {isa = PBXBuildFile; fileRef = 689888062AA3826800A2D55D /* Release.xcconfig */; };
		689888132AA3838500A2D55D /* ColorText.swift in Sources */ = {isa = PBXBuildFile; fileRef = 689888102AA3838400A2D55D /* ColorText.swift */; };
		689888142AA3838500A2D55D /* Palette.swift in Sources */ = {isa = PBXBuildFile; fileRef = 689888112AA3838500A2D55D /* Palette.swift */; };
		689888152AA3838500A2D55D /* ColorBackground.swift in Sources */ = {isa = PBXBuildFile; fileRef = 689888122AA3838500A2D55D /* ColorBackground.swift */; };
		68AC87542EDC8C5100CB6E00 /* RequestManager+Image.swift in Sources */ = {isa = PBXBuildFile; fileRef = 68AC87532EDC8C5100CB6E00 /* RequestManager+Image.swift */; };
		68AC87562EDC8CCD00CB6E00 /* RequestObjectProtocol.swift in Sources */ = {isa = PBXBuildFile; fileRef = 68AC87552EDC8CCD00CB6E00 /* RequestObjectProtocol.swift */; };
		68AC87652EDC8E3E00CB6E00 /* RequestFalaiQueue.swift in Sources */ = {isa = PBXBuildFile; fileRef = 68AC87642EDC8E3E00CB6E00 /* RequestFalaiQueue.swift */; };
		68AC87672EDC8FEB00CB6E00 /* RequestFalaiRequests.swift in Sources */ = {isa = PBXBuildFile; fileRef = 68AC87662EDC8FEB00CB6E00 /* RequestFalaiRequests.swift */; };
		68AC87692EDC902000CB6E00 /* ResponseFalaiQueue.swift in Sources */ = {isa = PBXBuildFile; fileRef = 68AC87682EDC902000CB6E00 /* ResponseFalaiQueue.swift */; };
		68AC876B2EDC903200CB6E00 /* ResponseFalaiStatus.swift in Sources */ = {isa = PBXBuildFile; fileRef = 68AC876A2EDC903200CB6E00 /* ResponseFalaiStatus.swift */; };
		68AC876D2EDC904200CB6E00 /* ResponseFalai.swift in Sources */ = {isa = PBXBuildFile; fileRef = 68AC876C2EDC904200CB6E00 /* ResponseFalai.swift */; };
		68AC876F2EDC905300CB6E00 /* FalaiStatus.swift in Sources */ = {isa = PBXBuildFile; fileRef = 68AC876E2EDC905300CB6E00 /* FalaiStatus.swift */; };
		68AC87712EDC907900CB6E00 /* RequestManager+Error.swift in Sources */ = {isa = PBXBuildFile; fileRef = 68AC87702EDC907900CB6E00 /* RequestManager+Error.swift */; };
		68AC87732EDC937500CB6E00 /* Localizable.xcstrings in Resources */ = {isa = PBXBuildFile; fileRef = 68AC87722EDC937500CB6E00 /* Localizable.xcstrings */; };
		68AC87752EDC95EB00CB6E00 /* SplashLocalizable.xcstrings in Resources */ = {isa = PBXBuildFile; fileRef = 68AC87742EDC95EB00CB6E00 /* SplashLocalizable.xcstrings */; };
		68AC87772EDC966700CB6E00 /* TutorialLocalizable.xcstrings in Resources */ = {isa = PBXBuildFile; fileRef = 68AC87762EDC966700CB6E00 /* TutorialLocalizable.xcstrings */; };
		68AF25CE2E23FDD9003937D1 /* FirebaseAuth in Frameworks */ = {isa = PBXBuildFile; productRef = 68AF25CD2E23FDD9003937D1 /* FirebaseAuth */; };
		68AF25D02E23FDDA003937D1 /* FirebaseCore in Frameworks */ = {isa = PBXBuildFile; productRef = 68AF25CF2E23FDDA003937D1 /* FirebaseCore */; };
		68AF25D22E23FDDA003937D1 /* FirebaseCrashlytics in Frameworks */ = {isa = PBXBuildFile; productRef = 68AF25D12E23FDDA003937D1 /* FirebaseCrashlytics */; };
		68AF25D42E23FDDA003937D1 /* FirebaseFirestore in Frameworks */ = {isa = PBXBuildFile; productRef = 68AF25D32E23FDDA003937D1 /* FirebaseFirestore */; };
		68AF25D62E23FDDA003937D1 /* FirebaseRemoteConfig in Frameworks */ = {isa = PBXBuildFile; productRef = 68AF25D52E23FDDA003937D1 /* FirebaseRemoteConfig */; };
		68AF25DA2E24001F003937D1 /* FirestoreHelper.swift in Sources */ = {isa = PBXBuildFile; fileRef = 68AF25D92E24001A003937D1 /* FirestoreHelper.swift */; };
		68AF25DC2E240399003937D1 /* JsonCleaner.swift in Sources */ = {isa = PBXBuildFile; fileRef = 68AF25DB2E240395003937D1 /* JsonCleaner.swift */; };
		68AF25DE2E2403C6003937D1 /* LanguageHelper.swift in Sources */ = {isa = PBXBuildFile; fileRef = 68AF25DD2E2403B8003937D1 /* LanguageHelper.swift */; };
		68AF25E02E240431003937D1 /* AlertHelper.swift in Sources */ = {isa = PBXBuildFile; fileRef = 68AF25DF2E24042F003937D1 /* AlertHelper.swift */; };
		68AF25E22E240528003937D1 /* NotificationHelper.swift in Sources */ = {isa = PBXBuildFile; fileRef = 68AF25E12E240524003937D1 /* NotificationHelper.swift */; };
		68AF25E42E240A60003937D1 /* TrackingHelper.swift in Sources */ = {isa = PBXBuildFile; fileRef = 68AF25E32E240A5B003937D1 /* TrackingHelper.swift */; };
		68B74A412CF35B240020658B /* TutorialUIModel.swift in Sources */ = {isa = PBXBuildFile; fileRef = 68B74A402CF35B240020658B /* TutorialUIModel.swift */; };
		68B74A432CF35B5C0020658B /* TutorialImage.swift in Sources */ = {isa = PBXBuildFile; fileRef = 68B74A422CF35B5C0020658B /* TutorialImage.swift */; };
		68B74A4A2CF35D440020658B /* TutorialLocalizable.swift in Sources */ = {isa = PBXBuildFile; fileRef = 68B74A492CF35D440020658B /* TutorialLocalizable.swift */; };
		68B74A4D2CF3641C0020658B /* TutorialCell.swift in Sources */ = {isa = PBXBuildFile; fileRef = 68B74A4C2CF3641C0020658B /* TutorialCell.swift */; };
		68C7E9082A71A1AC008CD84F /* SceneDelegate.swift in Sources */ = {isa = PBXBuildFile; fileRef = 68C7E9072A71A1AC008CD84F /* SceneDelegate.swift */; };
		68C7E9112A71A1AE008CD84F /* Assets.xcassets in Resources */ = {isa = PBXBuildFile; fileRef = 68C7E9102A71A1AE008CD84F /* Assets.xcassets */; };
		68C7E9142A71A1AE008CD84F /* LaunchScreen.storyboard in Resources */ = {isa = PBXBuildFile; fileRef = 68C7E9122A71A1AE008CD84F /* LaunchScreen.storyboard */; };
		68C7E92E2A71A23E008CD84F /* Colors.xcassets in Resources */ = {isa = PBXBuildFile; fileRef = 68C7E92D2A71A23E008CD84F /* Colors.xcassets */; };
		68C7E9392A71AE3B008CD84F /* BaseRouter.swift in Sources */ = {isa = PBXBuildFile; fileRef = 68C7E9382A71AE3B008CD84F /* BaseRouter.swift */; };
		68C7E93B2A71AE4A008CD84F /* BaseViewController.swift in Sources */ = {isa = PBXBuildFile; fileRef = 68C7E93A2A71AE4A008CD84F /* BaseViewController.swift */; };
		68C7E93D2A71AE5F008CD84F /* BaseViewModel.swift in Sources */ = {isa = PBXBuildFile; fileRef = 68C7E93C2A71AE5F008CD84F /* BaseViewModel.swift */; };
		68C7E93F2A71B346008CD84F /* SplashViewController.swift in Sources */ = {isa = PBXBuildFile; fileRef = 68C7E93E2A71B346008CD84F /* SplashViewController.swift */; };
		68C7E9412A71B35A008CD84F /* SplashViewModel.swift in Sources */ = {isa = PBXBuildFile; fileRef = 68C7E9402A71B35A008CD84F /* SplashViewModel.swift */; };
		68C7E9432A71B361008CD84F /* SplashRouter.swift in Sources */ = {isa = PBXBuildFile; fileRef = 68C7E9422A71B361008CD84F /* SplashRouter.swift */; };
		68C7E9462A71BD3E008CD84F /* BaseNavigationController.swift in Sources */ = {isa = PBXBuildFile; fileRef = 68C7E9452A71BD3E008CD84F /* BaseNavigationController.swift */; };
		68D834262CF336F600DA9105 /* CorneredImageView.swift in Sources */ = {isa = PBXBuildFile; fileRef = 68D834252CF336F600DA9105 /* CorneredImageView.swift */; };
		68D8342E2CF3455200DA9105 /* Localizable.swift in Sources */ = {isa = PBXBuildFile; fileRef = 68D8342D2CF3455200DA9105 /* Localizable.swift */; };
		68D834342CF345C500DA9105 /* SplashLocalizable.swift in Sources */ = {isa = PBXBuildFile; fileRef = 68D834332CF345C500DA9105 /* SplashLocalizable.swift */; };
		68E3E8482CEA0022003E0464 /* BaseBuilder.swift in Sources */ = {isa = PBXBuildFile; fileRef = 68E3E8472CEA0022003E0464 /* BaseBuilder.swift */; };
		68E3E84A2CEA0069003E0464 /* SplashBuilder.swift in Sources */ = {isa = PBXBuildFile; fileRef = 68E3E8492CEA0069003E0464 /* SplashBuilder.swift */; };
		68F1E2212B4AF04500AE3E6D /* lottie-loading.json in Resources */ = {isa = PBXBuildFile; fileRef = 68F1E2202B4AF04500AE3E6D /* lottie-loading.json */; };
		68F33C382AB48FA000384E23 /* ReuseableView.swift in Sources */ = {isa = PBXBuildFile; fileRef = 68F33C372AB48FA000384E23 /* ReuseableView.swift */; };
		B6EF0E082B6AA48F0044472A /* Kingfisher in Frameworks */ = {isa = PBXBuildFile; productRef = B6EF0E072B6AA48F0044472A /* Kingfisher */; };
/* End PBXBuildFile section */

/* Begin PBXFileReference section */
		682E1E352CEA3D43008F3855 /* TutorialViewModel.swift */ = {isa = PBXFileReference; lastKnownFileType = sourcecode.swift; path = TutorialViewModel.swift; sourceTree = "<group>"; };
		682E1E362CEA3D43008F3855 /* TutorialViewController.swift */ = {isa = PBXFileReference; lastKnownFileType = sourcecode.swift; path = TutorialViewController.swift; sourceTree = "<group>"; };
		682E1E372CEA3D43008F3855 /* TutorialRouter.swift */ = {isa = PBXFileReference; lastKnownFileType = sourcecode.swift; path = TutorialRouter.swift; sourceTree = "<group>"; };
		682E1E382CEA3D43008F3855 /* TutorialBuilder.swift */ = {isa = PBXFileReference; lastKnownFileType = sourcecode.swift; path = TutorialBuilder.swift; sourceTree = "<group>"; };
		684F5C482E2299720091D6B9 /* Logger.swift */ = {isa = PBXFileReference; lastKnownFileType = sourcecode.swift; path = Logger.swift; sourceTree = "<group>"; };
		684F5C542E229E580091D6B9 /* UserPlan.swift */ = {isa = PBXFileReference; lastKnownFileType = sourcecode.swift; path = UserPlan.swift; sourceTree = "<group>"; };
		684F5C562E22A0590091D6B9 /* IAPHelper.swift */ = {isa = PBXFileReference; lastKnownFileType = sourcecode.swift; path = IAPHelper.swift; sourceTree = "<group>"; };
		684F5C582E22A7780091D6B9 /* StoreKitConfig.storekit */ = {isa = PBXFileReference; lastKnownFileType = text; path = StoreKitConfig.storekit; sourceTree = "<group>"; };
		684F5C5B2E22A8420091D6B9 /* RemoteConfigHelper.swift */ = {isa = PBXFileReference; lastKnownFileType = sourcecode.swift; path = RemoteConfigHelper.swift; sourceTree = "<group>"; };
		685209DC2E649E93009E789A /* ResponseReplicate.swift */ = {isa = PBXFileReference; lastKnownFileType = sourcecode.swift; path = ResponseReplicate.swift; sourceTree = "<group>"; };
		685319C42B46191900633D64 /* BaseCollectionView.swift */ = {isa = PBXFileReference; lastKnownFileType = sourcecode.swift; path = BaseCollectionView.swift; sourceTree = "<group>"; };
		685319C62B46192300633D64 /* BaseCollectionViewCell.swift */ = {isa = PBXFileReference; lastKnownFileType = sourcecode.swift; path = BaseCollectionViewCell.swift; sourceTree = "<group>"; };
		685319CB2B4619A200633D64 /* BaseTableView.swift */ = {isa = PBXFileReference; lastKnownFileType = sourcecode.swift; path = BaseTableView.swift; sourceTree = "<group>"; };
		685319CD2B4619DE00633D64 /* BaseTableViewCell.swift */ = {isa = PBXFileReference; lastKnownFileType = sourcecode.swift; path = BaseTableViewCell.swift; sourceTree = "<group>"; };
		685319CF2B461B2800633D64 /* Colorable.swift */ = {isa = PBXFileReference; lastKnownFileType = sourcecode.swift; path = Colorable.swift; sourceTree = "<group>"; };
		685319D12B461B3600633D64 /* Imageable+Symbolable.swift */ = {isa = PBXFileReference; lastKnownFileType = sourcecode.swift; path = "Imageable+Symbolable.swift"; sourceTree = "<group>"; };
		685319DB2B461CD300633D64 /* SFSymbols.swift */ = {isa = PBXFileReference; lastKnownFileType = sourcecode.swift; path = SFSymbols.swift; sourceTree = "<group>"; };
		685319DD2B461D8400633D64 /* Logo.swift */ = {isa = PBXFileReference; lastKnownFileType = sourcecode.swift; path = Logo.swift; sourceTree = "<group>"; };
		685319E02B461DC100633D64 /* HudView.swift */ = {isa = PBXFileReference; lastKnownFileType = sourcecode.swift; path = HudView.swift; sourceTree = "<group>"; };
		685319E62B4620EE00633D64 /* BaseImageView.swift */ = {isa = PBXFileReference; lastKnownFileType = sourcecode.swift; path = BaseImageView.swift; sourceTree = "<group>"; };
		685319E82B46215C00633D64 /* CircleImageView.swift */ = {isa = PBXFileReference; lastKnownFileType = sourcecode.swift; path = CircleImageView.swift; sourceTree = "<group>"; };
		6856CFAB2D2AC31A00F4BA86 /* ScrollTestBuilder.swift */ = {isa = PBXFileReference; lastKnownFileType = sourcecode.swift; path = ScrollTestBuilder.swift; sourceTree = "<group>"; };
		6856CFAC2D2AC31A00F4BA86 /* ScrollTestRouter.swift */ = {isa = PBXFileReference; lastKnownFileType = sourcecode.swift; path = ScrollTestRouter.swift; sourceTree = "<group>"; };
		6856CFAD2D2AC31A00F4BA86 /* ScrollTestViewController.swift */ = {isa = PBXFileReference; lastKnownFileType = sourcecode.swift; path = ScrollTestViewController.swift; sourceTree = "<group>"; };
		6856CFAE2D2AC31A00F4BA86 /* ScrollTestViewModel.swift */ = {isa = PBXFileReference; lastKnownFileType = sourcecode.swift; path = ScrollTestViewModel.swift; sourceTree = "<group>"; };
		6856CFB32D2ACA9D00F4BA86 /* AppDelegate.swift */ = {isa = PBXFileReference; lastKnownFileType = sourcecode.swift; path = AppDelegate.swift; sourceTree = "<group>"; };
		6856CFC72D328F1100F4BA86 /* RequestProtocols.swift */ = {isa = PBXFileReference; lastKnownFileType = sourcecode.swift; path = RequestProtocols.swift; sourceTree = "<group>"; };
		6856CFCB2D328F5A00F4BA86 /* RequestObjectProtocol.swift */ = {isa = PBXFileReference; lastKnownFileType = sourcecode.swift; path = RequestObjectProtocol.swift; sourceTree = "<group>"; };
		6856CFCD2D328F8100F4BA86 /* RequestManager.swift */ = {isa = PBXFileReference; lastKnownFileType = sourcecode.swift; path = RequestManager.swift; sourceTree = "<group>"; };
		6856CFCF2D328F9300F4BA86 /* ResponseError.swift */ = {isa = PBXFileReference; lastKnownFileType = sourcecode.swift; path = ResponseError.swift; sourceTree = "<group>"; };
		6856CFD92D32917400F4BA86 /* QueryParameters.swift */ = {isa = PBXFileReference; lastKnownFileType = sourcecode.swift; path = QueryParameters.swift; sourceTree = "<group>"; };
		6856CFE02D329F0900F4BA86 /* ResponseGPT.swift */ = {isa = PBXFileReference; lastKnownFileType = sourcecode.swift; path = ResponseGPT.swift; sourceTree = "<group>"; };
		6856CFE22D32A4D100F4BA86 /* RequestGPT.swift */ = {isa = PBXFileReference; lastKnownFileType = sourcecode.swift; path = RequestGPT.swift; sourceTree = "<group>"; };
		6856CFE92D32B04700F4BA86 /* BaseUrl.swift */ = {isa = PBXFileReference; lastKnownFileType = sourcecode.swift; path = BaseUrl.swift; sourceTree = "<group>"; };
		6856CFF02D32CFE900F4BA86 /* GPTModels.swift */ = {isa = PBXFileReference; lastKnownFileType = sourcecode.swift; path = GPTModels.swift; sourceTree = "<group>"; };
		6856CFF22D32D04800F4BA86 /* RequestDALLE.swift */ = {isa = PBXFileReference; lastKnownFileType = sourcecode.swift; path = RequestDALLE.swift; sourceTree = "<group>"; };
		6856CFF42D32D28E00F4BA86 /* ResponseDALLE.swift */ = {isa = PBXFileReference; lastKnownFileType = sourcecode.swift; path = ResponseDALLE.swift; sourceTree = "<group>"; };
		6856CFF72D3314F400F4BA86 /* KeychainHelper.swift */ = {isa = PBXFileReference; lastKnownFileType = sourcecode.swift; path = KeychainHelper.swift; sourceTree = "<group>"; };
		6856CFFE2D340C1900F4BA86 /* GptService.swift */ = {isa = PBXFileReference; lastKnownFileType = sourcecode.swift; path = GptService.swift; sourceTree = "<group>"; };
		6856D0002D3861C900F4BA86 /* UserDefaultsWrapper.swift */ = {isa = PBXFileReference; lastKnownFileType = sourcecode.swift; path = UserDefaultsWrapper.swift; sourceTree = "<group>"; };
		6856D0032D3BC05C00F4BA86 /* LoadingHelper.swift */ = {isa = PBXFileReference; lastKnownFileType = sourcecode.swift; path = LoadingHelper.swift; sourceTree = "<group>"; };
		6856D0052D3BD91400F4BA86 /* ResponseErrorGPT.swift */ = {isa = PBXFileReference; lastKnownFileType = sourcecode.swift; path = ResponseErrorGPT.swift; sourceTree = "<group>"; };
		6856D00B2D3C0FC300F4BA86 /* BackgroundImages.swift */ = {isa = PBXFileReference; lastKnownFileType = sourcecode.swift; path = BackgroundImages.swift; sourceTree = "<group>"; };
		685F07752A84347A00F5EF1F /* Typealias.swift */ = {isa = PBXFileReference; lastKnownFileType = sourcecode.swift; path = Typealias.swift; sourceTree = "<group>"; };
		685F077A2A8460B200F5EF1F /* BaseTabbarController.swift */ = {isa = PBXFileReference; lastKnownFileType = sourcecode.swift; path = BaseTabbarController.swift; sourceTree = "<group>"; };
		685F077D2A84614400F5EF1F /* BaseButton.swift */ = {isa = PBXFileReference; lastKnownFileType = sourcecode.swift; path = BaseButton.swift; sourceTree = "<group>"; };
		6881A4732E6320840033F951 /* BaseLabel.swift */ = {isa = PBXFileReference; lastKnownFileType = sourcecode.swift; path = BaseLabel.swift; sourceTree = "<group>"; };
		6881A4752E6320A90033F951 /* CopyableLabel.swift */ = {isa = PBXFileReference; lastKnownFileType = sourcecode.swift; path = CopyableLabel.swift; sourceTree = "<group>"; };
		6881A4772E6320E10033F951 /* RequestReplicate.swift */ = {isa = PBXFileReference; lastKnownFileType = sourcecode.swift; path = RequestReplicate.swift; sourceTree = "<group>"; };
		6881A4792E632FBD0033F951 /* RemoteConfigCacher.swift */ = {isa = PBXFileReference; lastKnownFileType = sourcecode.swift; path = RemoteConfigCacher.swift; sourceTree = "<group>"; };
		689888032AA3826800A2D55D /* Configuration.swift */ = {isa = PBXFileReference; fileEncoding = 4; lastKnownFileType = sourcecode.swift; path = Configuration.swift; sourceTree = "<group>"; };
		689888052AA3826800A2D55D /* Develop.xcconfig */ = {isa = PBXFileReference; fileEncoding = 4; lastKnownFileType = text.xcconfig; path = Develop.xcconfig; sourceTree = "<group>"; };
		689888062AA3826800A2D55D /* Release.xcconfig */ = {isa = PBXFileReference; fileEncoding = 4; lastKnownFileType = text.xcconfig; path = Release.xcconfig; sourceTree = "<group>"; };
		689888102AA3838400A2D55D /* ColorText.swift */ = {isa = PBXFileReference; fileEncoding = 4; lastKnownFileType = sourcecode.swift; path = ColorText.swift; sourceTree = "<group>"; };
		689888112AA3838500A2D55D /* Palette.swift */ = {isa = PBXFileReference; fileEncoding = 4; lastKnownFileType = sourcecode.swift; path = Palette.swift; sourceTree = "<group>"; };
		689888122AA3838500A2D55D /* ColorBackground.swift */ = {isa = PBXFileReference; fileEncoding = 4; lastKnownFileType = sourcecode.swift; path = ColorBackground.swift; sourceTree = "<group>"; };
		68AC87532EDC8C5100CB6E00 /* RequestManager+Image.swift */ = {isa = PBXFileReference; lastKnownFileType = sourcecode.swift; path = "RequestManager+Image.swift"; sourceTree = "<group>"; };
		68AC87552EDC8CCD00CB6E00 /* RequestObjectProtocol.swift */ = {isa = PBXFileReference; lastKnownFileType = sourcecode.swift; path = RequestObjectProtocol.swift; sourceTree = "<group>"; };
		68AC87642EDC8E3E00CB6E00 /* RequestFalaiQueue.swift */ = {isa = PBXFileReference; lastKnownFileType = sourcecode.swift; path = RequestFalaiQueue.swift; sourceTree = "<group>"; };
		68AC87662EDC8FEB00CB6E00 /* RequestFalaiRequests.swift */ = {isa = PBXFileReference; lastKnownFileType = sourcecode.swift; path = RequestFalaiRequests.swift; sourceTree = "<group>"; };
		68AC87682EDC902000CB6E00 /* ResponseFalaiQueue.swift */ = {isa = PBXFileReference; lastKnownFileType = sourcecode.swift; path = ResponseFalaiQueue.swift; sourceTree = "<group>"; };
		68AC876A2EDC903200CB6E00 /* ResponseFalaiStatus.swift */ = {isa = PBXFileReference; lastKnownFileType = sourcecode.swift; path = ResponseFalaiStatus.swift; sourceTree = "<group>"; };
		68AC876C2EDC904200CB6E00 /* ResponseFalai.swift */ = {isa = PBXFileReference; lastKnownFileType = sourcecode.swift; path = ResponseFalai.swift; sourceTree = "<group>"; };
		68AC876E2EDC905300CB6E00 /* FalaiStatus.swift */ = {isa = PBXFileReference; lastKnownFileType = sourcecode.swift; path = FalaiStatus.swift; sourceTree = "<group>"; };
		68AC87702EDC907900CB6E00 /* RequestManager+Error.swift */ = {isa = PBXFileReference; lastKnownFileType = sourcecode.swift; path = "RequestManager+Error.swift"; sourceTree = "<group>"; };
		68AC87722EDC937500CB6E00 /* Localizable.xcstrings */ = {isa = PBXFileReference; lastKnownFileType = text.json.xcstrings; path = Localizable.xcstrings; sourceTree = "<group>"; };
		68AC87742EDC95EB00CB6E00 /* SplashLocalizable.xcstrings */ = {isa = PBXFileReference; lastKnownFileType = text.json.xcstrings; path = SplashLocalizable.xcstrings; sourceTree = "<group>"; };
		68AC87762EDC966700CB6E00 /* TutorialLocalizable.xcstrings */ = {isa = PBXFileReference; lastKnownFileType = text.json.xcstrings; path = TutorialLocalizable.xcstrings; sourceTree = "<group>"; };
		68AF25D92E24001A003937D1 /* FirestoreHelper.swift */ = {isa = PBXFileReference; lastKnownFileType = sourcecode.swift; path = FirestoreHelper.swift; sourceTree = "<group>"; };
		68AF25DB2E240395003937D1 /* JsonCleaner.swift */ = {isa = PBXFileReference; lastKnownFileType = sourcecode.swift; path = JsonCleaner.swift; sourceTree = "<group>"; };
		68AF25DD2E2403B8003937D1 /* LanguageHelper.swift */ = {isa = PBXFileReference; lastKnownFileType = sourcecode.swift; path = LanguageHelper.swift; sourceTree = "<group>"; };
		68AF25DF2E24042F003937D1 /* AlertHelper.swift */ = {isa = PBXFileReference; lastKnownFileType = sourcecode.swift; path = AlertHelper.swift; sourceTree = "<group>"; };
		68AF25E12E240524003937D1 /* NotificationHelper.swift */ = {isa = PBXFileReference; lastKnownFileType = sourcecode.swift; path = NotificationHelper.swift; sourceTree = "<group>"; };
		68AF25E32E240A5B003937D1 /* TrackingHelper.swift */ = {isa = PBXFileReference; lastKnownFileType = sourcecode.swift; path = TrackingHelper.swift; sourceTree = "<group>"; };
		68B74A402CF35B240020658B /* TutorialUIModel.swift */ = {isa = PBXFileReference; lastKnownFileType = sourcecode.swift; path = TutorialUIModel.swift; sourceTree = "<group>"; };
		68B74A422CF35B5C0020658B /* TutorialImage.swift */ = {isa = PBXFileReference; lastKnownFileType = sourcecode.swift; path = TutorialImage.swift; sourceTree = "<group>"; };
		68B74A492CF35D440020658B /* TutorialLocalizable.swift */ = {isa = PBXFileReference; lastKnownFileType = sourcecode.swift; path = TutorialLocalizable.swift; sourceTree = "<group>"; };
		68B74A4C2CF3641C0020658B /* TutorialCell.swift */ = {isa = PBXFileReference; lastKnownFileType = sourcecode.swift; path = TutorialCell.swift; sourceTree = "<group>"; };
		68C7E9042A71A1AC008CD84F /* AppSeed-develop.app */ = {isa = PBXFileReference; explicitFileType = wrapper.application; includeInIndex = 0; path = "AppSeed-develop.app"; sourceTree = BUILT_PRODUCTS_DIR; };
		68C7E9072A71A1AC008CD84F /* SceneDelegate.swift */ = {isa = PBXFileReference; lastKnownFileType = sourcecode.swift; path = SceneDelegate.swift; sourceTree = "<group>"; };
		68C7E9102A71A1AE008CD84F /* Assets.xcassets */ = {isa = PBXFileReference; lastKnownFileType = folder.assetcatalog; path = Assets.xcassets; sourceTree = "<group>"; };
		68C7E9132A71A1AE008CD84F /* Base */ = {isa = PBXFileReference; lastKnownFileType = file.storyboard; name = Base; path = Base.lproj/LaunchScreen.storyboard; sourceTree = "<group>"; };
		68C7E9152A71A1AE008CD84F /* Info.plist */ = {isa = PBXFileReference; lastKnownFileType = text.plist.xml; path = Info.plist; sourceTree = "<group>"; };
		68C7E92D2A71A23E008CD84F /* Colors.xcassets */ = {isa = PBXFileReference; lastKnownFileType = folder.assetcatalog; path = Colors.xcassets; sourceTree = "<group>"; };
		68C7E9382A71AE3B008CD84F /* BaseRouter.swift */ = {isa = PBXFileReference; lastKnownFileType = sourcecode.swift; path = BaseRouter.swift; sourceTree = "<group>"; };
		68C7E93A2A71AE4A008CD84F /* BaseViewController.swift */ = {isa = PBXFileReference; lastKnownFileType = sourcecode.swift; path = BaseViewController.swift; sourceTree = "<group>"; };
		68C7E93C2A71AE5F008CD84F /* BaseViewModel.swift */ = {isa = PBXFileReference; lastKnownFileType = sourcecode.swift; path = BaseViewModel.swift; sourceTree = "<group>"; };
		68C7E93E2A71B346008CD84F /* SplashViewController.swift */ = {isa = PBXFileReference; lastKnownFileType = sourcecode.swift; path = SplashViewController.swift; sourceTree = "<group>"; };
		68C7E9402A71B35A008CD84F /* SplashViewModel.swift */ = {isa = PBXFileReference; lastKnownFileType = sourcecode.swift; path = SplashViewModel.swift; sourceTree = "<group>"; };
		68C7E9422A71B361008CD84F /* SplashRouter.swift */ = {isa = PBXFileReference; lastKnownFileType = sourcecode.swift; path = SplashRouter.swift; sourceTree = "<group>"; };
		68C7E9452A71BD3E008CD84F /* BaseNavigationController.swift */ = {isa = PBXFileReference; lastKnownFileType = sourcecode.swift; path = BaseNavigationController.swift; sourceTree = "<group>"; };
		68D834252CF336F600DA9105 /* CorneredImageView.swift */ = {isa = PBXFileReference; lastKnownFileType = sourcecode.swift; path = CorneredImageView.swift; sourceTree = "<group>"; };
		68D8342D2CF3455200DA9105 /* Localizable.swift */ = {isa = PBXFileReference; lastKnownFileType = sourcecode.swift; path = Localizable.swift; sourceTree = "<group>"; };
		68D834332CF345C500DA9105 /* SplashLocalizable.swift */ = {isa = PBXFileReference; lastKnownFileType = sourcecode.swift; path = SplashLocalizable.swift; sourceTree = "<group>"; };
		68E3E8472CEA0022003E0464 /* BaseBuilder.swift */ = {isa = PBXFileReference; lastKnownFileType = sourcecode.swift; path = BaseBuilder.swift; sourceTree = "<group>"; };
		68E3E8492CEA0069003E0464 /* SplashBuilder.swift */ = {isa = PBXFileReference; lastKnownFileType = sourcecode.swift; path = SplashBuilder.swift; sourceTree = "<group>"; };
		68F1E2202B4AF04500AE3E6D /* lottie-loading.json */ = {isa = PBXFileReference; fileEncoding = 4; lastKnownFileType = text.json; path = "lottie-loading.json"; sourceTree = "<group>"; };
		68F33C372AB48FA000384E23 /* ReuseableView.swift */ = {isa = PBXFileReference; lastKnownFileType = sourcecode.swift; path = ReuseableView.swift; sourceTree = "<group>"; };
/* End PBXFileReference section */

/* Begin PBXFileSystemSynchronizedRootGroup section */
		6881A45C2E631FF90033F951 /* Extensions */ = {isa = PBXFileSystemSynchronizedRootGroup; explicitFileTypes = {}; explicitFolders = (); path = Extensions; sourceTree = "<group>"; };
/* End PBXFileSystemSynchronizedRootGroup section */

/* Begin PBXFrameworksBuildPhase section */
		68C7E9012A71A1AC008CD84F /* Frameworks */ = {
			isa = PBXFrameworksBuildPhase;
			buildActionMask = 2147483647;
			files = (
				6856CFE62D32ADB900F4BA86 /* Alamofire in Frameworks */,
				68AF25D42E23FDDA003937D1 /* FirebaseFirestore in Frameworks */,
				68AF25CE2E23FDD9003937D1 /* FirebaseAuth in Frameworks */,
				68AF25D62E23FDDA003937D1 /* FirebaseRemoteConfig in Frameworks */,
				68AF25D02E23FDDA003937D1 /* FirebaseCore in Frameworks */,
				6856CFFB2D331A2100F4BA86 /* JsonFellow in Frameworks */,
				6895974C2E23F45000770DF8 /* RevenueCat in Frameworks */,
				684F5C6A2E22AD000091D6B9 /* IQKeyboardManagerSwift in Frameworks */,
				6895974E2E23F45000770DF8 /* RevenueCatUI in Frameworks */,
				B6EF0E082B6AA48F0044472A /* Kingfisher in Frameworks */,
				6826C8442AE2A55700ABB6D9 /* SnapKit in Frameworks */,
				68AF25D22E23FDDA003937D1 /* FirebaseCrashlytics in Frameworks */,
				685319E42B4620B700633D64 /* Lottie in Frameworks */,
				689597512E23F5BC00770DF8 /* FirebaseAnalytics in Frameworks */,
			);
			runOnlyForDeploymentPostprocessing = 0;
		};
/* End PBXFrameworksBuildPhase section */

/* Begin PBXGroup section */
		684F5C532E229E490091D6B9 /* IAP */ = {
			isa = PBXGroup;
			children = (
				684F5C542E229E580091D6B9 /* UserPlan.swift */,
				684F5C562E22A0590091D6B9 /* IAPHelper.swift */,
				684F5C582E22A7780091D6B9 /* StoreKitConfig.storekit */,
			);
			path = IAP;
			sourceTree = "<group>";
		};
		684F5C5A2E22A8310091D6B9 /* Firebase */ = {
			isa = PBXGroup;
			children = (
				68AF25D72E23FFE5003937D1 /* RemoteConfig */,
				68AF25D82E23FFEB003937D1 /* Firestore */,
			);
			path = Firebase;
			sourceTree = "<group>";
		};
		685319C32B4618D000633D64 /* CollectionView */ = {
			isa = PBXGroup;
			children = (
				685319C42B46191900633D64 /* BaseCollectionView.swift */,
				685319C62B46192300633D64 /* BaseCollectionViewCell.swift */,
			);
			path = CollectionView;
			sourceTree = "<group>";
		};
		685319C82B46195500633D64 /* Button */ = {
			isa = PBXGroup;
			children = (
				685F077D2A84614400F5EF1F /* BaseButton.swift */,
			);
			path = Button;
			sourceTree = "<group>";
		};
		685319CA2B46196C00633D64 /* TableView */ = {
			isa = PBXGroup;
			children = (
				685319CB2B4619A200633D64 /* BaseTableView.swift */,
				685319CD2B4619DE00633D64 /* BaseTableViewCell.swift */,
			);
			path = TableView;
			sourceTree = "<group>";
		};
		685319D72B461BD900633D64 /* Animations */ = {
			isa = PBXGroup;
			children = (
				68F1E2202B4AF04500AE3E6D /* lottie-loading.json */,
			);
			path = Animations;
			sourceTree = "<group>";
		};
		685319DA2B461C6500633D64 /* Images */ = {
			isa = PBXGroup;
			children = (
				6856D00B2D3C0FC300F4BA86 /* BackgroundImages.swift */,
				685319D12B461B3600633D64 /* Imageable+Symbolable.swift */,
				685319DB2B461CD300633D64 /* SFSymbols.swift */,
				685319DD2B461D8400633D64 /* Logo.swift */,
				68B74A422CF35B5C0020658B /* TutorialImage.swift */,
			);
			path = Images;
			sourceTree = "<group>";
		};
		685319DF2B461DB500633D64 /* View */ = {
			isa = PBXGroup;
			children = (
				685319E02B461DC100633D64 /* HudView.swift */,
			);
			path = View;
			sourceTree = "<group>";
		};
		685319E52B4620DC00633D64 /* ImageView */ = {
			isa = PBXGroup;
			children = (
				685319E62B4620EE00633D64 /* BaseImageView.swift */,
				68D834252CF336F600DA9105 /* CorneredImageView.swift */,
				685319E82B46215C00633D64 /* CircleImageView.swift */,
			);
			path = ImageView;
			sourceTree = "<group>";
		};
		6856CFA92D2AC30900F4BA86 /* ScrollTest */ = {
			isa = PBXGroup;
			children = (
				6856CFAB2D2AC31A00F4BA86 /* ScrollTestBuilder.swift */,
				6856CFAC2D2AC31A00F4BA86 /* ScrollTestRouter.swift */,
				6856CFAD2D2AC31A00F4BA86 /* ScrollTestViewController.swift */,
				6856CFAE2D2AC31A00F4BA86 /* ScrollTestViewModel.swift */,
			);
			path = ScrollTest;
			sourceTree = "<group>";
		};
		6856CFC42D328AC200F4BA86 /* Network */ = {
			isa = PBXGroup;
			children = (
				6856CFC62D328CD900F4BA86 /* RequestsManager */,
				6856CFDD2D32931400F4BA86 /* Protocols */,
				6856CFED2D32BC3F00F4BA86 /* Responses */,
				6856CFFC2D340BC500F4BA86 /* Services */,
			);
			path = Network;
			sourceTree = "<group>";
		};
		6856CFC62D328CD900F4BA86 /* RequestsManager */ = {
			isa = PBXGroup;
			children = (
				6856CFE92D32B04700F4BA86 /* BaseUrl.swift */,
				6856CFCD2D328F8100F4BA86 /* RequestManager.swift */,
				68AC87702EDC907900CB6E00 /* RequestManager+Error.swift */,
				68AC87532EDC8C5100CB6E00 /* RequestManager+Image.swift */,
			);
			path = RequestsManager;
			sourceTree = "<group>";
		};
		6856CFDD2D32931400F4BA86 /* Protocols */ = {
			isa = PBXGroup;
			children = (
				6856CFC72D328F1100F4BA86 /* RequestProtocols.swift */,
				6856CFCB2D328F5A00F4BA86 /* RequestObjectProtocol.swift */,
				68AC87552EDC8CCD00CB6E00 /* RequestObjectProtocol.swift */,
				6856CFD92D32917400F4BA86 /* QueryParameters.swift */,
			);
			path = Protocols;
			sourceTree = "<group>";
		};
		6856CFED2D32BC3F00F4BA86 /* Responses */ = {
			isa = PBXGroup;
			children = (
				6856CFCF2D328F9300F4BA86 /* ResponseError.swift */,
				6856D0052D3BD91400F4BA86 /* ResponseErrorGPT.swift */,
			);
			path = Responses;
			sourceTree = "<group>";
		};
		6856CFF62D3314E600F4BA86 /* Helpers */ = {
			isa = PBXGroup;
			children = (
				684F5C532E229E490091D6B9 /* IAP */,
				684F5C5A2E22A8310091D6B9 /* Firebase */,
				684F5C482E2299720091D6B9 /* Logger.swift */,
				68AF25DF2E24042F003937D1 /* AlertHelper.swift */,
				68AF25DD2E2403B8003937D1 /* LanguageHelper.swift */,
				6856D0032D3BC05C00F4BA86 /* LoadingHelper.swift */,
				6856CFF72D3314F400F4BA86 /* KeychainHelper.swift */,
				6856D0002D3861C900F4BA86 /* UserDefaultsWrapper.swift */,
				68AF25E12E240524003937D1 /* NotificationHelper.swift */,
				68AF25E32E240A5B003937D1 /* TrackingHelper.swift */,
				68AF25DB2E240395003937D1 /* JsonCleaner.swift */,
			);
			path = Helpers;
			sourceTree = "<group>";
		};
		6856CFFC2D340BC500F4BA86 /* Services */ = {
			isa = PBXGroup;
			children = (
				68AC875A2EDC8D2C00CB6E00 /* Services */,
				68AC87592EDC8D2600CB6E00 /* Models */,
				68AC875B2EDC8D3500CB6E00 /* Falai */,
				68AC875C2EDC8D3C00CB6E00 /* Replicate */,
				68AC875D2EDC8D4300CB6E00 /* Dalle */,
				6856CFFD2D340BCF00F4BA86 /* Gpt */,
			);
			path = Services;
			sourceTree = "<group>";
		};
		6856CFFD2D340BCF00F4BA86 /* Gpt */ = {
			isa = PBXGroup;
			children = (
				68AC87582EDC8CFC00CB6E00 /* Requests */,
				6856D0022D386E8C00F4BA86 /* Responses */,
			);
			path = Gpt;
			sourceTree = "<group>";
		};
		6856D0022D386E8C00F4BA86 /* Responses */ = {
			isa = PBXGroup;
			children = (
				6856CFE02D329F0900F4BA86 /* ResponseGPT.swift */,
			);
			path = Responses;
			sourceTree = "<group>";
		};
		685F07772A84350000F5EF1F /* Constants */ = {
			isa = PBXGroup;
			children = (
				685F07752A84347A00F5EF1F /* Typealias.swift */,
			);
			path = Constants;
			sourceTree = "<group>";
		};
		685F077C2A84612B00F5EF1F /* Controllers */ = {
			isa = PBXGroup;
			children = (
				68C7E9452A71BD3E008CD84F /* BaseNavigationController.swift */,
				685F077A2A8460B200F5EF1F /* BaseTabbarController.swift */,
			);
			path = Controllers;
			sourceTree = "<group>";
		};
		6881A4712E6320630033F951 /* Label */ = {
			isa = PBXGroup;
			children = (
			);
			path = Label;
			sourceTree = "<group>";
		};
		6881A4722E6320760033F951 /* Label */ = {
			isa = PBXGroup;
			children = (
				6881A4732E6320840033F951 /* BaseLabel.swift */,
				6881A4752E6320A90033F951 /* CopyableLabel.swift */,
			);
			path = Label;
			sourceTree = "<group>";
		};
		689888022AA3824E00A2D55D /* Configuration */ = {
			isa = PBXGroup;
			children = (
				689888032AA3826800A2D55D /* Configuration.swift */,
				689888052AA3826800A2D55D /* Develop.xcconfig */,
				689888062AA3826800A2D55D /* Release.xcconfig */,
			);
			path = Configuration;
			sourceTree = "<group>";
		};
		6898880F2AA3835200A2D55D /* Colors */ = {
			isa = PBXGroup;
			children = (
				685319CF2B461B2800633D64 /* Colorable.swift */,
				689888112AA3838500A2D55D /* Palette.swift */,
				689888122AA3838500A2D55D /* ColorBackground.swift */,
				689888102AA3838400A2D55D /* ColorText.swift */,
			);
			path = Colors;
			sourceTree = "<group>";
		};
		68A284A82C7D08C600EF38B2 /* MVVM-R */ = {
			isa = PBXGroup;
			children = (
				68C7E9372A71AE2D008CD84F /* Scene */,
			);
			path = "MVVM-R";
			sourceTree = "<group>";
		};
		68AC87582EDC8CFC00CB6E00 /* Requests */ = {
			isa = PBXGroup;
			children = (
				6856CFE22D32A4D100F4BA86 /* RequestGPT.swift */,
			);
			path = Requests;
			sourceTree = "<group>";
		};
		68AC87592EDC8D2600CB6E00 /* Models */ = {
			isa = PBXGroup;
			children = (
				6856CFF02D32CFE900F4BA86 /* GPTModels.swift */,
			);
			path = Models;
			sourceTree = "<group>";
		};
		68AC875A2EDC8D2C00CB6E00 /* Services */ = {
			isa = PBXGroup;
			children = (
				6856CFFE2D340C1900F4BA86 /* GptService.swift */,
			);
			path = Services;
			sourceTree = "<group>";
		};
		68AC875B2EDC8D3500CB6E00 /* Falai */ = {
			isa = PBXGroup;
			children = (
				68AC87632EDC8D7500CB6E00 /* Requests */,
				68AC87622EDC8D7100CB6E00 /* Responses */,
			);
			path = Falai;
			sourceTree = "<group>";
		};
		68AC875C2EDC8D3C00CB6E00 /* Replicate */ = {
			isa = PBXGroup;
			children = (
				68AC87612EDC8D6100CB6E00 /* Requests */,
				68AC87602EDC8D5C00CB6E00 /* Responses */,
			);
			path = Replicate;
			sourceTree = "<group>";
		};
		68AC875D2EDC8D4300CB6E00 /* Dalle */ = {
			isa = PBXGroup;
			children = (
				68AC875F2EDC8D5100CB6E00 /* Requests */,
				68AC875E2EDC8D4B00CB6E00 /* Responses */,
			);
			path = Dalle;
			sourceTree = "<group>";
		};
		68AC875E2EDC8D4B00CB6E00 /* Responses */ = {
			isa = PBXGroup;
			children = (
				6856CFF42D32D28E00F4BA86 /* ResponseDALLE.swift */,
			);
			path = Responses;
			sourceTree = "<group>";
		};
		68AC875F2EDC8D5100CB6E00 /* Requests */ = {
			isa = PBXGroup;
			children = (
				6856CFF22D32D04800F4BA86 /* RequestDALLE.swift */,
			);
			path = Requests;
			sourceTree = "<group>";
		};
		68AC87602EDC8D5C00CB6E00 /* Responses */ = {
			isa = PBXGroup;
			children = (
				685209DC2E649E93009E789A /* ResponseReplicate.swift */,
			);
			path = Responses;
			sourceTree = "<group>";
		};
		68AC87612EDC8D6100CB6E00 /* Requests */ = {
			isa = PBXGroup;
			children = (
				6881A4772E6320E10033F951 /* RequestReplicate.swift */,
			);
			path = Requests;
			sourceTree = "<group>";
		};
		68AC87622EDC8D7100CB6E00 /* Responses */ = {
			isa = PBXGroup;
			children = (
				68AC87682EDC902000CB6E00 /* ResponseFalaiQueue.swift */,
				68AC876A2EDC903200CB6E00 /* ResponseFalaiStatus.swift */,
				68AC876C2EDC904200CB6E00 /* ResponseFalai.swift */,
				68AC876E2EDC905300CB6E00 /* FalaiStatus.swift */,
			);
			path = Responses;
			sourceTree = "<group>";
		};
		68AC87632EDC8D7500CB6E00 /* Requests */ = {
			isa = PBXGroup;
			children = (
				68AC87642EDC8E3E00CB6E00 /* RequestFalaiQueue.swift */,
				68AC87662EDC8FEB00CB6E00 /* RequestFalaiRequests.swift */,
			);
			path = Requests;
			sourceTree = "<group>";
		};
		68AF25D72E23FFE5003937D1 /* RemoteConfig */ = {
			isa = PBXGroup;
			children = (
				684F5C5B2E22A8420091D6B9 /* RemoteConfigHelper.swift */,
				6881A4792E632FBD0033F951 /* RemoteConfigCacher.swift */,
			);
			path = RemoteConfig;
			sourceTree = "<group>";
		};
		68AF25D82E23FFEB003937D1 /* Firestore */ = {
			isa = PBXGroup;
			children = (
				68AF25D92E24001A003937D1 /* FirestoreHelper.swift */,
			);
			path = Firestore;
			sourceTree = "<group>";
		};
		68B74A3F2CF35B180020658B /* UIModel */ = {
			isa = PBXGroup;
			children = (
				68B74A402CF35B240020658B /* TutorialUIModel.swift */,
			);
			path = UIModel;
			sourceTree = "<group>";
		};
		68B74A442CF35CE70020658B /* Localizable */ = {
			isa = PBXGroup;
			children = (
				68B74A492CF35D440020658B /* TutorialLocalizable.swift */,
				68AC87762EDC966700CB6E00 /* TutorialLocalizable.xcstrings */,
			);
			path = Localizable;
			sourceTree = "<group>";
		};
		68B74A4B2CF363CE0020658B /* Cells */ = {
			isa = PBXGroup;
			children = (
				68B74A4C2CF3641C0020658B /* TutorialCell.swift */,
			);
			path = Cells;
			sourceTree = "<group>";
		};
		68B74A4E2CF388F80020658B /* Localizable */ = {
			isa = PBXGroup;
			children = (
				68D834332CF345C500DA9105 /* SplashLocalizable.swift */,
				68AC87742EDC95EB00CB6E00 /* SplashLocalizable.xcstrings */,
			);
			path = Localizable;
			sourceTree = "<group>";
		};
		68C7E8FB2A71A1AC008CD84F = {
			isa = PBXGroup;
			children = (
				68C7E9062A71A1AC008CD84F /* AppSeed */,
				68C7E9052A71A1AC008CD84F /* Products */,
			);
			sourceTree = "<group>";
		};
		68C7E9052A71A1AC008CD84F /* Products */ = {
			isa = PBXGroup;
			children = (
				68C7E9042A71A1AC008CD84F /* AppSeed-develop.app */,
			);
			name = Products;
			sourceTree = "<group>";
		};
		68C7E9062A71A1AC008CD84F /* AppSeed */ = {
			isa = PBXGroup;
			children = (
				68C7E9322A71A2A3008CD84F /* Application */,
				6856CFC42D328AC200F4BA86 /* Network */,
				6856CFF62D3314E600F4BA86 /* Helpers */,
				68C7E9272A71A1D1008CD84F /* Base */,
				68C7E9332A71A2F7008CD84F /* Scenes */,
				68C7E9292A71A1FD008CD84F /* UIComponents */,
				6881A45C2E631FF90033F951 /* Extensions */,
				68C7E92A2A71A20B008CD84F /* Resources */,
				689888022AA3824E00A2D55D /* Configuration */,
			);
			path = AppSeed;
			sourceTree = "<group>";
		};
		68C7E9272A71A1D1008CD84F /* Base */ = {
			isa = PBXGroup;
			children = (
				68D834272CF3401F00DA9105 /* Localizable */,
				685F07772A84350000F5EF1F /* Constants */,
				685F077C2A84612B00F5EF1F /* Controllers */,
				68C7E9442A71BD1E008CD84F /* UI */,
				68A284A82C7D08C600EF38B2 /* MVVM-R */,
			);
			path = Base;
			sourceTree = "<group>";
		};
		68C7E9292A71A1FD008CD84F /* UIComponents */ = {
			isa = PBXGroup;
			children = (
				6881A4712E6320630033F951 /* Label */,
				685319DF2B461DB500633D64 /* View */,
			);
			path = UIComponents;
			sourceTree = "<group>";
		};
		68C7E92A2A71A20B008CD84F /* Resources */ = {
			isa = PBXGroup;
			children = (
				685319D72B461BD900633D64 /* Animations */,
				6898880F2AA3835200A2D55D /* Colors */,
				685319DA2B461C6500633D64 /* Images */,
				68C7E9102A71A1AE008CD84F /* Assets.xcassets */,
				68C7E92D2A71A23E008CD84F /* Colors.xcassets */,
				68C7E9152A71A1AE008CD84F /* Info.plist */,
			);
			path = Resources;
			sourceTree = "<group>";
		};
		68C7E9322A71A2A3008CD84F /* Application */ = {
			isa = PBXGroup;
			children = (
				68C7E9122A71A1AE008CD84F /* LaunchScreen.storyboard */,
				6856CFB32D2ACA9D00F4BA86 /* AppDelegate.swift */,
				68C7E9072A71A1AC008CD84F /* SceneDelegate.swift */,
			);
			path = Application;
			sourceTree = "<group>";
		};
		68C7E9332A71A2F7008CD84F /* Scenes */ = {
			isa = PBXGroup;
			children = (
				68C7E9352A71AB93008CD84F /* Splash */,
				68E3E84D2CEA272F003E0464 /* Tutorial */,
				6856CFA92D2AC30900F4BA86 /* ScrollTest */,
			);
			path = Scenes;
			sourceTree = "<group>";
		};
		68C7E9352A71AB93008CD84F /* Splash */ = {
			isa = PBXGroup;
			children = (
				68B74A4E2CF388F80020658B /* Localizable */,
				68C7E93E2A71B346008CD84F /* SplashViewController.swift */,
				68C7E9402A71B35A008CD84F /* SplashViewModel.swift */,
				68C7E9422A71B361008CD84F /* SplashRouter.swift */,
				68E3E8492CEA0069003E0464 /* SplashBuilder.swift */,
			);
			path = Splash;
			sourceTree = "<group>";
		};
		68C7E9372A71AE2D008CD84F /* Scene */ = {
			isa = PBXGroup;
			children = (
				68C7E93A2A71AE4A008CD84F /* BaseViewController.swift */,
				68C7E93C2A71AE5F008CD84F /* BaseViewModel.swift */,
				68C7E9382A71AE3B008CD84F /* BaseRouter.swift */,
				68E3E8472CEA0022003E0464 /* BaseBuilder.swift */,
			);
			path = Scene;
			sourceTree = "<group>";
		};
		68C7E9442A71BD1E008CD84F /* UI */ = {
			isa = PBXGroup;
			children = (
				68F33C372AB48FA000384E23 /* ReuseableView.swift */,
				685319C32B4618D000633D64 /* CollectionView */,
				685319CA2B46196C00633D64 /* TableView */,
				685319C82B46195500633D64 /* Button */,
				685319E52B4620DC00633D64 /* ImageView */,
				6881A4722E6320760033F951 /* Label */,
			);
			path = UI;
			sourceTree = "<group>";
		};
		68D834272CF3401F00DA9105 /* Localizable */ = {
			isa = PBXGroup;
			children = (
				68D8342D2CF3455200DA9105 /* Localizable.swift */,
				68AC87722EDC937500CB6E00 /* Localizable.xcstrings */,
			);
			path = Localizable;
			sourceTree = "<group>";
		};
		68E3E84D2CEA272F003E0464 /* Tutorial */ = {
			isa = PBXGroup;
			children = (
				68B74A442CF35CE70020658B /* Localizable */,
				68B74A4B2CF363CE0020658B /* Cells */,
				68B74A3F2CF35B180020658B /* UIModel */,
				682E1E362CEA3D43008F3855 /* TutorialViewController.swift */,
				682E1E352CEA3D43008F3855 /* TutorialViewModel.swift */,
				682E1E372CEA3D43008F3855 /* TutorialRouter.swift */,
				682E1E382CEA3D43008F3855 /* TutorialBuilder.swift */,
			);
			path = Tutorial;
			sourceTree = "<group>";
		};
/* End PBXGroup section */

/* Begin PBXNativeTarget section */
		68C7E9032A71A1AC008CD84F /* AppSeed */ = {
			isa = PBXNativeTarget;
			buildConfigurationList = 68C7E9182A71A1AE008CD84F /* Build configuration list for PBXNativeTarget "AppSeed" */;
			buildPhases = (
				68C7E9002A71A1AC008CD84F /* Sources */,
				68C7E9012A71A1AC008CD84F /* Frameworks */,
				68C7E9022A71A1AC008CD84F /* Resources */,
			);
			buildRules = (
			);
			dependencies = (
			);
			fileSystemSynchronizedGroups = (
				6881A45C2E631FF90033F951 /* Extensions */,
			);
			name = AppSeed;
			packageProductDependencies = (
				6826C8432AE2A55700ABB6D9 /* SnapKit */,
				685319E32B4620B700633D64 /* Lottie */,
				B6EF0E072B6AA48F0044472A /* Kingfisher */,
				6856CFE52D32ADB900F4BA86 /* Alamofire */,
				6856CFFA2D331A2100F4BA86 /* JsonFellow */,
				684F5C692E22AD000091D6B9 /* IQKeyboardManagerSwift */,
				6895974B2E23F45000770DF8 /* RevenueCat */,
				6895974D2E23F45000770DF8 /* RevenueCatUI */,
				689597502E23F5BC00770DF8 /* FirebaseAnalytics */,
				68AF25CD2E23FDD9003937D1 /* FirebaseAuth */,
				68AF25CF2E23FDDA003937D1 /* FirebaseCore */,
				68AF25D12E23FDDA003937D1 /* FirebaseCrashlytics */,
				68AF25D32E23FDDA003937D1 /* FirebaseFirestore */,
				68AF25D52E23FDDA003937D1 /* FirebaseRemoteConfig */,
			);
			productName = pawsome;
			productReference = 68C7E9042A71A1AC008CD84F /* AppSeed-develop.app */;
			productType = "com.apple.product-type.application";
		};
/* End PBXNativeTarget section */

/* Begin PBXProject section */
		68C7E8FC2A71A1AC008CD84F /* Project object */ = {
			isa = PBXProject;
			attributes = {
				BuildIndependentTargetsInParallel = 1;
				LastSwiftUpdateCheck = 1430;
				LastUpgradeCheck = 1430;
				TargetAttributes = {
					68C7E9032A71A1AC008CD84F = {
						CreatedOnToolsVersion = 14.3.1;
					};
				};
			};
			buildConfigurationList = 68C7E8FF2A71A1AC008CD84F /* Build configuration list for PBXProject "AppSeed" */;
			compatibilityVersion = "Xcode 14.0";
			developmentRegion = en;
			hasScannedForEncodings = 0;
			knownRegions = (
				en,
				Base,
				tr,
			);
			mainGroup = 68C7E8FB2A71A1AC008CD84F;
			packageReferences = (
				6826C8422AE2A55700ABB6D9 /* XCRemoteSwiftPackageReference "SnapKit" */,
				685319E22B4620B700633D64 /* XCRemoteSwiftPackageReference "lottie-spm" */,
				B6EF0E062B6AA48F0044472A /* XCRemoteSwiftPackageReference "Kingfisher" */,
				6856CFE42D32ADB900F4BA86 /* XCRemoteSwiftPackageReference "Alamofire" */,
				6856CFF92D331A2100F4BA86 /* XCRemoteSwiftPackageReference "JsonFellow" */,
				684F5C682E22AD000091D6B9 /* XCRemoteSwiftPackageReference "IQKeyboardManager" */,
				6895974A2E23F45000770DF8 /* XCRemoteSwiftPackageReference "purchases-ios" */,
				6895974F2E23F5BC00770DF8 /* XCRemoteSwiftPackageReference "firebase-ios-sdk" */,
			);
			productRefGroup = 68C7E9052A71A1AC008CD84F /* Products */;
			projectDirPath = "";
			projectRoot = "";
			targets = (
				68C7E9032A71A1AC008CD84F /* AppSeed */,
			);
		};
/* End PBXProject section */

/* Begin PBXResourcesBuildPhase section */
		68C7E9022A71A1AC008CD84F /* Resources */ = {
			isa = PBXResourcesBuildPhase;
			buildActionMask = 2147483647;
			files = (
				689888092AA3826800A2D55D /* Develop.xcconfig in Resources */,
				68AC87752EDC95EB00CB6E00 /* SplashLocalizable.xcstrings in Resources */,
				684F5C592E22A7780091D6B9 /* StoreKitConfig.storekit in Resources */,
				6898880A2AA3826800A2D55D /* Release.xcconfig in Resources */,
				68C7E9142A71A1AE008CD84F /* LaunchScreen.storyboard in Resources */,
				68AC87732EDC937500CB6E00 /* Localizable.xcstrings in Resources */,
				68AC87772EDC966700CB6E00 /* TutorialLocalizable.xcstrings in Resources */,
				68C7E92E2A71A23E008CD84F /* Colors.xcassets in Resources */,
				68C7E9112A71A1AE008CD84F /* Assets.xcassets in Resources */,
				68F1E2212B4AF04500AE3E6D /* lottie-loading.json in Resources */,
			);
			runOnlyForDeploymentPostprocessing = 0;
		};
/* End PBXResourcesBuildPhase section */

/* Begin PBXSourcesBuildPhase section */
		68C7E9002A71A1AC008CD84F /* Sources */ = {
			isa = PBXSourcesBuildPhase;
			buildActionMask = 2147483647;
			files = (
				68E3E8482CEA0022003E0464 /* BaseBuilder.swift in Sources */,
				68AC87652EDC8E3E00CB6E00 /* RequestFalaiQueue.swift in Sources */,
				6881A4742E6320840033F951 /* BaseLabel.swift in Sources */,
				6856CFF12D32CFEE00F4BA86 /* GPTModels.swift in Sources */,
				68B74A4D2CF3641C0020658B /* TutorialCell.swift in Sources */,
				685209DD2E649E93009E789A /* ResponseReplicate.swift in Sources */,
				68AC87542EDC8C5100CB6E00 /* RequestManager+Image.swift in Sources */,
				684F5C5C2E22A8420091D6B9 /* RemoteConfigHelper.swift in Sources */,
				689888142AA3838500A2D55D /* Palette.swift in Sources */,
				68AF25E02E240431003937D1 /* AlertHelper.swift in Sources */,
				685F077E2A84614400F5EF1F /* BaseButton.swift in Sources */,
				6856CFCE2D328F8300F4BA86 /* RequestManager.swift in Sources */,
				685319DE2B461D8400633D64 /* Logo.swift in Sources */,
				685319CE2B4619DE00633D64 /* BaseTableViewCell.swift in Sources */,
				68AC87562EDC8CCD00CB6E00 /* RequestObjectProtocol.swift in Sources */,
				68B74A412CF35B240020658B /* TutorialUIModel.swift in Sources */,
				6856D0012D3861D100F4BA86 /* UserDefaultsWrapper.swift in Sources */,
				685319CC2B4619A200633D64 /* BaseTableView.swift in Sources */,
				68C7E9082A71A1AC008CD84F /* SceneDelegate.swift in Sources */,
				68D834262CF336F600DA9105 /* CorneredImageView.swift in Sources */,
				685319D22B461B3600633D64 /* Imageable+Symbolable.swift in Sources */,
				68C7E9432A71B361008CD84F /* SplashRouter.swift in Sources */,
				6856CFF32D32D04C00F4BA86 /* RequestDALLE.swift in Sources */,
				6856CFCC2D328F5B00F4BA86 /* RequestObjectProtocol.swift in Sources */,
				68C7E93D2A71AE5F008CD84F /* BaseViewModel.swift in Sources */,
				68AC876B2EDC903200CB6E00 /* ResponseFalaiStatus.swift in Sources */,
				6856CFAF2D2AC31A00F4BA86 /* ScrollTestRouter.swift in Sources */,
				6856CFB02D2AC31A00F4BA86 /* ScrollTestViewModel.swift in Sources */,
				6856CFB12D2AC31A00F4BA86 /* ScrollTestBuilder.swift in Sources */,
				6856CFB22D2AC31A00F4BA86 /* ScrollTestViewController.swift in Sources */,
				6856CFFF2D340C1C00F4BA86 /* GptService.swift in Sources */,
				6856D0062D3BD92200F4BA86 /* ResponseErrorGPT.swift in Sources */,
				685319E12B461DC100633D64 /* HudView.swift in Sources */,
				68C7E93B2A71AE4A008CD84F /* BaseViewController.swift in Sources */,
				685319DC2B461CD300633D64 /* SFSymbols.swift in Sources */,
				684F5C572E22A0590091D6B9 /* IAPHelper.swift in Sources */,
				685319C52B46191900633D64 /* BaseCollectionView.swift in Sources */,
				689888152AA3838500A2D55D /* ColorBackground.swift in Sources */,
				685319E72B4620EE00633D64 /* BaseImageView.swift in Sources */,
				68AF25DA2E24001F003937D1 /* FirestoreHelper.swift in Sources */,
				6856D0042D3BC05F00F4BA86 /* LoadingHelper.swift in Sources */,
				685319C72B46192300633D64 /* BaseCollectionViewCell.swift in Sources */,
				68AC876D2EDC904200CB6E00 /* ResponseFalai.swift in Sources */,
				6856CFEA2D32B04B00F4BA86 /* BaseUrl.swift in Sources */,
				68AF25E22E240528003937D1 /* NotificationHelper.swift in Sources */,
				68B74A432CF35B5C0020658B /* TutorialImage.swift in Sources */,
				68AC87712EDC907900CB6E00 /* RequestManager+Error.swift in Sources */,
				6856CFF52D32D29200F4BA86 /* ResponseDALLE.swift in Sources */,
				6881A4762E6320A90033F951 /* CopyableLabel.swift in Sources */,
				68AC876F2EDC905300CB6E00 /* FalaiStatus.swift in Sources */,
				685F07762A84347A00F5EF1F /* Typealias.swift in Sources */,
				68D834342CF345C500DA9105 /* SplashLocalizable.swift in Sources */,
				68AF25DC2E240399003937D1 /* JsonCleaner.swift in Sources */,
				6856CFE12D329F0C00F4BA86 /* ResponseGPT.swift in Sources */,
				689888072AA3826800A2D55D /* Configuration.swift in Sources */,
				6856D00C2D3C0FCB00F4BA86 /* BackgroundImages.swift in Sources */,
				68C7E9412A71B35A008CD84F /* SplashViewModel.swift in Sources */,
				68C7E9462A71BD3E008CD84F /* BaseNavigationController.swift in Sources */,
				685F077B2A8460B200F5EF1F /* BaseTabbarController.swift in Sources */,
				685319E92B46215C00633D64 /* CircleImageView.swift in Sources */,
				6856CFC82D328F1400F4BA86 /* RequestProtocols.swift in Sources */,
				68C7E93F2A71B346008CD84F /* SplashViewController.swift in Sources */,
				6856CFF82D3314F900F4BA86 /* KeychainHelper.swift in Sources */,
				6856CFD02D328F9600F4BA86 /* ResponseError.swift in Sources */,
				689888132AA3838500A2D55D /* ColorText.swift in Sources */,
				68B74A4A2CF35D440020658B /* TutorialLocalizable.swift in Sources */,
				68F33C382AB48FA000384E23 /* ReuseableView.swift in Sources */,
				68AC87672EDC8FEB00CB6E00 /* RequestFalaiRequests.swift in Sources */,
				685319D02B461B2800633D64 /* Colorable.swift in Sources */,
				68AF25DE2E2403C6003937D1 /* LanguageHelper.swift in Sources */,
				68C7E9392A71AE3B008CD84F /* BaseRouter.swift in Sources */,
				68E3E84A2CEA0069003E0464 /* SplashBuilder.swift in Sources */,
				68AC87692EDC902000CB6E00 /* ResponseFalaiQueue.swift in Sources */,
				6856CFB42D2ACAA000F4BA86 /* AppDelegate.swift in Sources */,
				6856CFDA2D32917800F4BA86 /* QueryParameters.swift in Sources */,
				682E1E392CEA3D43008F3855 /* TutorialViewModel.swift in Sources */,
				682E1E3A2CEA3D43008F3855 /* TutorialViewController.swift in Sources */,
				684F5C492E2299720091D6B9 /* Logger.swift in Sources */,
				6881A4782E6320E10033F951 /* RequestReplicate.swift in Sources */,
				6856CFE32D32A4D400F4BA86 /* RequestGPT.swift in Sources */,
				68D8342E2CF3455200DA9105 /* Localizable.swift in Sources */,
				682E1E3B2CEA3D43008F3855 /* TutorialRouter.swift in Sources */,
				682E1E3C2CEA3D43008F3855 /* TutorialBuilder.swift in Sources */,
				6881A47A2E632FBD0033F951 /* RemoteConfigCacher.swift in Sources */,
				68AF25E42E240A60003937D1 /* TrackingHelper.swift in Sources */,
				684F5C552E229E580091D6B9 /* UserPlan.swift in Sources */,
			);
			runOnlyForDeploymentPostprocessing = 0;
		};
/* End PBXSourcesBuildPhase section */

/* Begin PBXVariantGroup section */
		68C7E9122A71A1AE008CD84F /* LaunchScreen.storyboard */ = {
			isa = PBXVariantGroup;
			children = (
				68C7E9132A71A1AE008CD84F /* Base */,
			);
			name = LaunchScreen.storyboard;
			sourceTree = "<group>";
		};
/* End PBXVariantGroup section */

/* Begin XCBuildConfiguration section */
		6826C83A2AE29C9D00ABB6D9 /* Develop */ = {
			isa = XCBuildConfiguration;
			baseConfigurationReference = 689888052AA3826800A2D55D /* Develop.xcconfig */;
			buildSettings = {
				ALWAYS_SEARCH_USER_PATHS = NO;
				CLANG_ANALYZER_LOCALIZABILITY_NONLOCALIZED = YES;
				CLANG_ANALYZER_NONNULL = YES;
				CLANG_ANALYZER_NUMBER_OBJECT_CONVERSION = YES_AGGRESSIVE;
				CLANG_CXX_LANGUAGE_STANDARD = "gnu++20";
				CLANG_ENABLE_MODULES = YES;
				CLANG_ENABLE_OBJC_ARC = YES;
				CLANG_ENABLE_OBJC_WEAK = YES;
				CLANG_WARN_BLOCK_CAPTURE_AUTORELEASING = YES;
				CLANG_WARN_BOOL_CONVERSION = YES;
				CLANG_WARN_COMMA = YES;
				CLANG_WARN_CONSTANT_CONVERSION = YES;
				CLANG_WARN_DEPRECATED_OBJC_IMPLEMENTATIONS = YES;
				CLANG_WARN_DIRECT_OBJC_ISA_USAGE = YES_ERROR;
				CLANG_WARN_DOCUMENTATION_COMMENTS = YES;
				CLANG_WARN_EMPTY_BODY = YES;
				CLANG_WARN_ENUM_CONVERSION = YES;
				CLANG_WARN_INFINITE_RECURSION = YES;
				CLANG_WARN_INT_CONVERSION = YES;
				CLANG_WARN_NON_LITERAL_NULL_CONVERSION = YES;
				CLANG_WARN_OBJC_IMPLICIT_RETAIN_SELF = YES;
				CLANG_WARN_OBJC_LITERAL_CONVERSION = YES;
				CLANG_WARN_OBJC_ROOT_CLASS = YES_ERROR;
				CLANG_WARN_QUOTED_INCLUDE_IN_FRAMEWORK_HEADER = YES;
				CLANG_WARN_RANGE_LOOP_ANALYSIS = YES;
				CLANG_WARN_STRICT_PROTOTYPES = YES;
				CLANG_WARN_SUSPICIOUS_MOVE = YES;
				CLANG_WARN_UNGUARDED_AVAILABILITY = YES_AGGRESSIVE;
				CLANG_WARN_UNREACHABLE_CODE = YES;
				CLANG_WARN__DUPLICATE_METHOD_MATCH = YES;
				COPY_PHASE_STRIP = NO;
				DEBUG_INFORMATION_FORMAT = dwarf;
				ENABLE_STRICT_OBJC_MSGSEND = YES;
				ENABLE_TESTABILITY = YES;
				GCC_C_LANGUAGE_STANDARD = gnu11;
				GCC_DYNAMIC_NO_PIC = NO;
				GCC_NO_COMMON_BLOCKS = YES;
				GCC_OPTIMIZATION_LEVEL = 0;
				GCC_PREPROCESSOR_DEFINITIONS = (
					"DEBUG=1",
					"$(inherited)",
				);
				GCC_WARN_64_TO_32_BIT_CONVERSION = YES;
				GCC_WARN_ABOUT_RETURN_TYPE = YES_ERROR;
				GCC_WARN_UNDECLARED_SELECTOR = YES;
				GCC_WARN_UNINITIALIZED_AUTOS = YES_AGGRESSIVE;
				GCC_WARN_UNUSED_FUNCTION = YES;
				GCC_WARN_UNUSED_VARIABLE = YES;
				IPHONEOS_DEPLOYMENT_TARGET = 15.0;
				MTL_ENABLE_DEBUG_INFO = INCLUDE_SOURCE;
				MTL_FAST_MATH = YES;
				ONLY_ACTIVE_ARCH = YES;
				PRODUCT_MODULE_NAME = "";
				SDKROOT = iphoneos;
				SWIFT_ACTIVE_COMPILATION_CONDITIONS = DEBUG;
				SWIFT_EMIT_LOC_STRINGS = YES;
				SWIFT_OPTIMIZATION_LEVEL = "-Onone";
			};
			name = Develop;
		};
		6826C83B2AE29C9D00ABB6D9 /* Develop */ = {
			isa = XCBuildConfiguration;
			buildSettings = {
				ASSETCATALOG_COMPILER_APPICON_NAME = AppIcon;
				ASSETCATALOG_COMPILER_GLOBAL_ACCENT_COLOR_NAME = AccentColor;
				CODE_SIGN_STYLE = Automatic;
				CURRENT_PROJECT_VERSION = 1;
				DEVELOPMENT_TEAM = 69V5T68KT9;
				GENERATE_INFOPLIST_FILE = YES;
				INFOPLIST_FILE = AppSeed/Resources/Info.plist;
				INFOPLIST_KEY_UIApplicationSupportsIndirectInputEvents = YES;
				INFOPLIST_KEY_UILaunchStoryboardName = LaunchScreen.storyboard;
				INFOPLIST_KEY_UISupportedInterfaceOrientations = UIInterfaceOrientationPortrait;
				IPHONEOS_DEPLOYMENT_TARGET = 15.0;
				LD_RUNPATH_SEARCH_PATHS = (
					"$(inherited)",
					"@executable_path/Frameworks",
				);
				MARKETING_VERSION = 1.0.0;
				PRODUCT_BUNDLE_IDENTIFIER = "$(PRODUCT_BUNDLE_IDENTIFIER)";
				PRODUCT_MODULE_NAME = AppSeed;
				PRODUCT_NAME = $PRODUCT_APP_NAME;
				SWIFT_EMIT_LOC_STRINGS = YES;
				SWIFT_VERSION = 5.0;
				TARGETED_DEVICE_FAMILY = "1,2";
			};
			name = Develop;
		};
		68C7E9172A71A1AE008CD84F /* Release */ = {
			isa = XCBuildConfiguration;
			baseConfigurationReference = 689888062AA3826800A2D55D /* Release.xcconfig */;
			buildSettings = {
				ALWAYS_SEARCH_USER_PATHS = NO;
				CLANG_ANALYZER_LOCALIZABILITY_NONLOCALIZED = YES;
				CLANG_ANALYZER_NONNULL = YES;
				CLANG_ANALYZER_NUMBER_OBJECT_CONVERSION = YES_AGGRESSIVE;
				CLANG_CXX_LANGUAGE_STANDARD = "gnu++20";
				CLANG_ENABLE_MODULES = YES;
				CLANG_ENABLE_OBJC_ARC = YES;
				CLANG_ENABLE_OBJC_WEAK = YES;
				CLANG_WARN_BLOCK_CAPTURE_AUTORELEASING = YES;
				CLANG_WARN_BOOL_CONVERSION = YES;
				CLANG_WARN_COMMA = YES;
				CLANG_WARN_CONSTANT_CONVERSION = YES;
				CLANG_WARN_DEPRECATED_OBJC_IMPLEMENTATIONS = YES;
				CLANG_WARN_DIRECT_OBJC_ISA_USAGE = YES_ERROR;
				CLANG_WARN_DOCUMENTATION_COMMENTS = YES;
				CLANG_WARN_EMPTY_BODY = YES;
				CLANG_WARN_ENUM_CONVERSION = YES;
				CLANG_WARN_INFINITE_RECURSION = YES;
				CLANG_WARN_INT_CONVERSION = YES;
				CLANG_WARN_NON_LITERAL_NULL_CONVERSION = YES;
				CLANG_WARN_OBJC_IMPLICIT_RETAIN_SELF = YES;
				CLANG_WARN_OBJC_LITERAL_CONVERSION = YES;
				CLANG_WARN_OBJC_ROOT_CLASS = YES_ERROR;
				CLANG_WARN_QUOTED_INCLUDE_IN_FRAMEWORK_HEADER = YES;
				CLANG_WARN_RANGE_LOOP_ANALYSIS = YES;
				CLANG_WARN_STRICT_PROTOTYPES = YES;
				CLANG_WARN_SUSPICIOUS_MOVE = YES;
				CLANG_WARN_UNGUARDED_AVAILABILITY = YES_AGGRESSIVE;
				CLANG_WARN_UNREACHABLE_CODE = YES;
				CLANG_WARN__DUPLICATE_METHOD_MATCH = YES;
				COPY_PHASE_STRIP = NO;
				DEBUG_INFORMATION_FORMAT = "dwarf-with-dsym";
				ENABLE_NS_ASSERTIONS = NO;
				ENABLE_STRICT_OBJC_MSGSEND = YES;
				GCC_C_LANGUAGE_STANDARD = gnu11;
				GCC_NO_COMMON_BLOCKS = YES;
				GCC_WARN_64_TO_32_BIT_CONVERSION = YES;
				GCC_WARN_ABOUT_RETURN_TYPE = YES_ERROR;
				GCC_WARN_UNDECLARED_SELECTOR = YES;
				GCC_WARN_UNINITIALIZED_AUTOS = YES_AGGRESSIVE;
				GCC_WARN_UNUSED_FUNCTION = YES;
				GCC_WARN_UNUSED_VARIABLE = YES;
				IPHONEOS_DEPLOYMENT_TARGET = 15.0;
				MTL_ENABLE_DEBUG_INFO = NO;
				MTL_FAST_MATH = YES;
				PRODUCT_MODULE_NAME = "";
				SDKROOT = iphoneos;
				SWIFT_COMPILATION_MODE = wholemodule;
				SWIFT_EMIT_LOC_STRINGS = YES;
				SWIFT_OPTIMIZATION_LEVEL = "-O";
				VALIDATE_PRODUCT = YES;
			};
			name = Release;
		};
		68C7E91A2A71A1AE008CD84F /* Release */ = {
			isa = XCBuildConfiguration;
			buildSettings = {
				ASSETCATALOG_COMPILER_APPICON_NAME = AppIcon;
				ASSETCATALOG_COMPILER_GLOBAL_ACCENT_COLOR_NAME = AccentColor;
				CODE_SIGN_STYLE = Automatic;
				CURRENT_PROJECT_VERSION = 1;
				DEVELOPMENT_TEAM = 69V5T68KT9;
				GENERATE_INFOPLIST_FILE = YES;
				INFOPLIST_FILE = AppSeed/Resources/Info.plist;
				INFOPLIST_KEY_UIApplicationSupportsIndirectInputEvents = YES;
				INFOPLIST_KEY_UILaunchStoryboardName = LaunchScreen.storyboard;
				INFOPLIST_KEY_UISupportedInterfaceOrientations = UIInterfaceOrientationPortrait;
				IPHONEOS_DEPLOYMENT_TARGET = 15.0;
				LD_RUNPATH_SEARCH_PATHS = (
					"$(inherited)",
					"@executable_path/Frameworks",
				);
				MARKETING_VERSION = 1.0.0;
				PRODUCT_BUNDLE_IDENTIFIER = "$(PRODUCT_BUNDLE_IDENTIFIER)";
				PRODUCT_MODULE_NAME = AppSeed;
				PRODUCT_NAME = $PRODUCT_APP_NAME;
				SWIFT_EMIT_LOC_STRINGS = YES;
				SWIFT_VERSION = 5.0;
				TARGETED_DEVICE_FAMILY = "1,2";
			};
			name = Release;
		};
/* End XCBuildConfiguration section */

/* Begin XCConfigurationList section */
		68C7E8FF2A71A1AC008CD84F /* Build configuration list for PBXProject "AppSeed" */ = {
			isa = XCConfigurationList;
			buildConfigurations = (
				6826C83A2AE29C9D00ABB6D9 /* Develop */,
				68C7E9172A71A1AE008CD84F /* Release */,
			);
			defaultConfigurationIsVisible = 0;
			defaultConfigurationName = Release;
		};
		68C7E9182A71A1AE008CD84F /* Build configuration list for PBXNativeTarget "AppSeed" */ = {
			isa = XCConfigurationList;
			buildConfigurations = (
				6826C83B2AE29C9D00ABB6D9 /* Develop */,
				68C7E91A2A71A1AE008CD84F /* Release */,
			);
			defaultConfigurationIsVisible = 0;
			defaultConfigurationName = Release;
		};
/* End XCConfigurationList section */

/* Begin XCRemoteSwiftPackageReference section */
		6826C8422AE2A55700ABB6D9 /* XCRemoteSwiftPackageReference "SnapKit" */ = {
			isa = XCRemoteSwiftPackageReference;
			repositoryURL = "https://github.com/SnapKit/SnapKit";
			requirement = {
				kind = upToNextMajorVersion;
				minimumVersion = 5.0.0;
			};
		};
		684F5C682E22AD000091D6B9 /* XCRemoteSwiftPackageReference "IQKeyboardManager" */ = {
			isa = XCRemoteSwiftPackageReference;
			repositoryURL = "https://github.com/hackiftekhar/IQKeyboardManager";
			requirement = {
				kind = upToNextMajorVersion;
				minimumVersion = 8.0.1;
			};
		};
		685319E22B4620B700633D64 /* XCRemoteSwiftPackageReference "lottie-spm" */ = {
			isa = XCRemoteSwiftPackageReference;
			repositoryURL = "https://github.com/airbnb/lottie-spm.git";
			requirement = {
				kind = upToNextMajorVersion;
				minimumVersion = 4.3.4;
			};
		};
		6856CFE42D32ADB900F4BA86 /* XCRemoteSwiftPackageReference "Alamofire" */ = {
			isa = XCRemoteSwiftPackageReference;
			repositoryURL = "https://github.com/Alamofire/Alamofire";
			requirement = {
				kind = upToNextMajorVersion;
				minimumVersion = 5.10.2;
			};
		};
		6856CFF92D331A2100F4BA86 /* XCRemoteSwiftPackageReference "JsonFellow" */ = {
			isa = XCRemoteSwiftPackageReference;
			repositoryURL = "https://github.com/tunayyalverr/JsonFellow";
			requirement = {
				kind = upToNextMajorVersion;
				minimumVersion = 1.0.1;
			};
		};
		6895974A2E23F45000770DF8 /* XCRemoteSwiftPackageReference "purchases-ios" */ = {
			isa = XCRemoteSwiftPackageReference;
			repositoryURL = "https://github.com/RevenueCat/purchases-ios";
			requirement = {
				kind = upToNextMajorVersion;
				minimumVersion = 5.32.0;
			};
		};
		6895974F2E23F5BC00770DF8 /* XCRemoteSwiftPackageReference "firebase-ios-sdk" */ = {
			isa = XCRemoteSwiftPackageReference;
			repositoryURL = "https://github.com/firebase/firebase-ios-sdk";
			requirement = {
				kind = upToNextMajorVersion;
				minimumVersion = 11.15.0;
			};
		};
		B6EF0E062B6AA48F0044472A /* XCRemoteSwiftPackageReference "Kingfisher" */ = {
			isa = XCRemoteSwiftPackageReference;
			repositoryURL = "https://github.com/onevcat/Kingfisher.git";
			requirement = {
				kind = upToNextMajorVersion;
				minimumVersion = 7.0.0;
			};
		};
/* End XCRemoteSwiftPackageReference section */

/* Begin XCSwiftPackageProductDependency section */
		6826C8432AE2A55700ABB6D9 /* SnapKit */ = {
			isa = XCSwiftPackageProductDependency;
			package = 6826C8422AE2A55700ABB6D9 /* XCRemoteSwiftPackageReference "SnapKit" */;
			productName = SnapKit;
		};
		684F5C692E22AD000091D6B9 /* IQKeyboardManagerSwift */ = {
			isa = XCSwiftPackageProductDependency;
			package = 684F5C682E22AD000091D6B9 /* XCRemoteSwiftPackageReference "IQKeyboardManager" */;
			productName = IQKeyboardManagerSwift;
		};
		685319E32B4620B700633D64 /* Lottie */ = {
			isa = XCSwiftPackageProductDependency;
			package = 685319E22B4620B700633D64 /* XCRemoteSwiftPackageReference "lottie-spm" */;
			productName = Lottie;
		};
		6856CFE52D32ADB900F4BA86 /* Alamofire */ = {
			isa = XCSwiftPackageProductDependency;
			package = 6856CFE42D32ADB900F4BA86 /* XCRemoteSwiftPackageReference "Alamofire" */;
			productName = Alamofire;
		};
		6856CFFA2D331A2100F4BA86 /* JsonFellow */ = {
			isa = XCSwiftPackageProductDependency;
			package = 6856CFF92D331A2100F4BA86 /* XCRemoteSwiftPackageReference "JsonFellow" */;
			productName = JsonFellow;
		};
		6895974B2E23F45000770DF8 /* RevenueCat */ = {
			isa = XCSwiftPackageProductDependency;
			package = 6895974A2E23F45000770DF8 /* XCRemoteSwiftPackageReference "purchases-ios" */;
			productName = RevenueCat;
		};
		6895974D2E23F45000770DF8 /* RevenueCatUI */ = {
			isa = XCSwiftPackageProductDependency;
			package = 6895974A2E23F45000770DF8 /* XCRemoteSwiftPackageReference "purchases-ios" */;
			productName = RevenueCatUI;
		};
		689597502E23F5BC00770DF8 /* FirebaseAnalytics */ = {
			isa = XCSwiftPackageProductDependency;
			package = 6895974F2E23F5BC00770DF8 /* XCRemoteSwiftPackageReference "firebase-ios-sdk" */;
			productName = FirebaseAnalytics;
		};
		68AF25CD2E23FDD9003937D1 /* FirebaseAuth */ = {
			isa = XCSwiftPackageProductDependency;
			package = 6895974F2E23F5BC00770DF8 /* XCRemoteSwiftPackageReference "firebase-ios-sdk" */;
			productName = FirebaseAuth;
		};
		68AF25CF2E23FDDA003937D1 /* FirebaseCore */ = {
			isa = XCSwiftPackageProductDependency;
			package = 6895974F2E23F5BC00770DF8 /* XCRemoteSwiftPackageReference "firebase-ios-sdk" */;
			productName = FirebaseCore;
		};
		68AF25D12E23FDDA003937D1 /* FirebaseCrashlytics */ = {
			isa = XCSwiftPackageProductDependency;
			package = 6895974F2E23F5BC00770DF8 /* XCRemoteSwiftPackageReference "firebase-ios-sdk" */;
			productName = FirebaseCrashlytics;
		};
		68AF25D32E23FDDA003937D1 /* FirebaseFirestore */ = {
			isa = XCSwiftPackageProductDependency;
			package = 6895974F2E23F5BC00770DF8 /* XCRemoteSwiftPackageReference "firebase-ios-sdk" */;
			productName = FirebaseFirestore;
		};
		68AF25D52E23FDDA003937D1 /* FirebaseRemoteConfig */ = {
			isa = XCSwiftPackageProductDependency;
			package = 6895974F2E23F5BC00770DF8 /* XCRemoteSwiftPackageReference "firebase-ios-sdk" */;
			productName = FirebaseRemoteConfig;
		};
		B6EF0E072B6AA48F0044472A /* Kingfisher */ = {
			isa = XCSwiftPackageProductDependency;
			package = B6EF0E062B6AA48F0044472A /* XCRemoteSwiftPackageReference "Kingfisher" */;
			productName = Kingfisher;
		};
/* End XCSwiftPackageProductDependency section */
	};
	rootObject = 68C7E8FC2A71A1AC008CD84F /* Project object */;
}
