// !$*UTF8*$!
{
	archiveVersion = 1;
	classes = {
	};
	objectVersion = 56;
	objects = {

/* Begin PBXBuildFile section */
		6826C83F2AE2A35700ABB6D9 /* ProgressCircleDrawer.swift in Sources */ = {isa = PBXBuildFile; fileRef = 6826C83E2AE2A35700ABB6D9 /* ProgressCircleDrawer.swift */; };
		6826C8412AE2A36400ABB6D9 /* ProgressCircleView.swift in Sources */ = {isa = PBXBuildFile; fileRef = 6826C8402AE2A36400ABB6D9 /* ProgressCircleView.swift */; };
		6826C8442AE2A55700ABB6D9 /* SnapKit in Frameworks */ = {isa = PBXBuildFile; productRef = 6826C8432AE2A55700ABB6D9 /* SnapKit */; };
		685319C52B46191900633D64 /* BaseCollectionView.swift in Sources */ = {isa = PBXBuildFile; fileRef = 685319C42B46191900633D64 /* BaseCollectionView.swift */; };
		685319C72B46192300633D64 /* BaseCollectionViewCell.swift in Sources */ = {isa = PBXBuildFile; fileRef = 685319C62B46192300633D64 /* BaseCollectionViewCell.swift */; };
		685319CC2B4619A200633D64 /* BaseTableView.swift in Sources */ = {isa = PBXBuildFile; fileRef = 685319CB2B4619A200633D64 /* BaseTableView.swift */; };
		685319CE2B4619DE00633D64 /* BaseTableViewCell.swift in Sources */ = {isa = PBXBuildFile; fileRef = 685319CD2B4619DE00633D64 /* BaseTableViewCell.swift */; };
		685319D02B461B2800633D64 /* Colorable.swift in Sources */ = {isa = PBXBuildFile; fileRef = 685319CF2B461B2800633D64 /* Colorable.swift */; };
		685319D22B461B3600633D64 /* Imageable+Symbolable.swift in Sources */ = {isa = PBXBuildFile; fileRef = 685319D12B461B3600633D64 /* Imageable+Symbolable.swift */; };
		685319D62B461BB800633D64 /* UIView+Extension.swift in Sources */ = {isa = PBXBuildFile; fileRef = 685319D52B461BB800633D64 /* UIView+Extension.swift */; };
		685319DC2B461CD300633D64 /* SFSymbols.swift in Sources */ = {isa = PBXBuildFile; fileRef = 685319DB2B461CD300633D64 /* SFSymbols.swift */; };
		685319DE2B461D8400633D64 /* Logo.swift in Sources */ = {isa = PBXBuildFile; fileRef = 685319DD2B461D8400633D64 /* Logo.swift */; };
		685319E12B461DC100633D64 /* HudView.swift in Sources */ = {isa = PBXBuildFile; fileRef = 685319E02B461DC100633D64 /* HudView.swift */; };
		685319E42B4620B700633D64 /* Lottie in Frameworks */ = {isa = PBXBuildFile; productRef = 685319E32B4620B700633D64 /* Lottie */; };
		685319E72B4620EE00633D64 /* ClearImageView.swift in Sources */ = {isa = PBXBuildFile; fileRef = 685319E62B4620EE00633D64 /* ClearImageView.swift */; };
		685319E92B46215C00633D64 /* CircleImageView.swift in Sources */ = {isa = PBXBuildFile; fileRef = 685319E82B46215C00633D64 /* CircleImageView.swift */; };
		685F07762A84347A00F5EF1F /* Typealias.swift in Sources */ = {isa = PBXBuildFile; fileRef = 685F07752A84347A00F5EF1F /* Typealias.swift */; };
		685F07792A84352A00F5EF1F /* Navigator.swift in Sources */ = {isa = PBXBuildFile; fileRef = 685F07782A84352A00F5EF1F /* Navigator.swift */; };
		685F077B2A8460B200F5EF1F /* BaseTabbarController.swift in Sources */ = {isa = PBXBuildFile; fileRef = 685F077A2A8460B200F5EF1F /* BaseTabbarController.swift */; };
		685F077E2A84614400F5EF1F /* BaseButton.swift in Sources */ = {isa = PBXBuildFile; fileRef = 685F077D2A84614400F5EF1F /* BaseButton.swift */; };
		689888072AA3826800A2D55D /* Configuration.swift in Sources */ = {isa = PBXBuildFile; fileRef = 689888032AA3826800A2D55D /* Configuration.swift */; };
		689888082AA3826800A2D55D /* Debug.xcconfig in Resources */ = {isa = PBXBuildFile; fileRef = 689888042AA3826800A2D55D /* Debug.xcconfig */; };
		689888092AA3826800A2D55D /* Develop.xcconfig in Resources */ = {isa = PBXBuildFile; fileRef = 689888052AA3826800A2D55D /* Develop.xcconfig */; };
		6898880A2AA3826800A2D55D /* Release.xcconfig in Resources */ = {isa = PBXBuildFile; fileRef = 689888062AA3826800A2D55D /* Release.xcconfig */; };
		6898880C2AA382D300A2D55D /* UIDevice+Extension.swift in Sources */ = {isa = PBXBuildFile; fileRef = 6898880B2AA382D300A2D55D /* UIDevice+Extension.swift */; };
		6898880E2AA3832E00A2D55D /* UIApplication+Extension.swift in Sources */ = {isa = PBXBuildFile; fileRef = 6898880D2AA3832E00A2D55D /* UIApplication+Extension.swift */; };
		689888132AA3838500A2D55D /* ColorText.swift in Sources */ = {isa = PBXBuildFile; fileRef = 689888102AA3838400A2D55D /* ColorText.swift */; };
		689888142AA3838500A2D55D /* Palette.swift in Sources */ = {isa = PBXBuildFile; fileRef = 689888112AA3838500A2D55D /* Palette.swift */; };
		689888152AA3838500A2D55D /* ColorBackground.swift in Sources */ = {isa = PBXBuildFile; fileRef = 689888122AA3838500A2D55D /* ColorBackground.swift */; };
		689888172AA3869900A2D55D /* UIColor+Extension.swift in Sources */ = {isa = PBXBuildFile; fileRef = 689888162AA3869900A2D55D /* UIColor+Extension.swift */; };
		68C7E9082A71A1AC008CD84F /* AppDelegate.swift in Sources */ = {isa = PBXBuildFile; fileRef = 68C7E9072A71A1AC008CD84F /* AppDelegate.swift */; };
		68C7E9112A71A1AE008CD84F /* Assets.xcassets in Resources */ = {isa = PBXBuildFile; fileRef = 68C7E9102A71A1AE008CD84F /* Assets.xcassets */; };
		68C7E9142A71A1AE008CD84F /* LaunchScreen.storyboard in Resources */ = {isa = PBXBuildFile; fileRef = 68C7E9122A71A1AE008CD84F /* LaunchScreen.storyboard */; };
		68C7E92E2A71A23E008CD84F /* Colors.xcassets in Resources */ = {isa = PBXBuildFile; fileRef = 68C7E92D2A71A23E008CD84F /* Colors.xcassets */; };
		68C7E9392A71AE3B008CD84F /* BaseRouter.swift in Sources */ = {isa = PBXBuildFile; fileRef = 68C7E9382A71AE3B008CD84F /* BaseRouter.swift */; };
		68C7E93B2A71AE4A008CD84F /* BaseViewController.swift in Sources */ = {isa = PBXBuildFile; fileRef = 68C7E93A2A71AE4A008CD84F /* BaseViewController.swift */; };
		68C7E93D2A71AE5F008CD84F /* BaseViewModel.swift in Sources */ = {isa = PBXBuildFile; fileRef = 68C7E93C2A71AE5F008CD84F /* BaseViewModel.swift */; };
		68C7E93F2A71B346008CD84F /* SplashViewController.swift in Sources */ = {isa = PBXBuildFile; fileRef = 68C7E93E2A71B346008CD84F /* SplashViewController.swift */; };
		68C7E9412A71B35A008CD84F /* SplashViewModel.swift in Sources */ = {isa = PBXBuildFile; fileRef = 68C7E9402A71B35A008CD84F /* SplashViewModel.swift */; };
		68C7E9432A71B361008CD84F /* SplashRouter.swift in Sources */ = {isa = PBXBuildFile; fileRef = 68C7E9422A71B361008CD84F /* SplashRouter.swift */; };
		68C7E9462A71BD3E008CD84F /* BaseNavigationController.swift in Sources */ = {isa = PBXBuildFile; fileRef = 68C7E9452A71BD3E008CD84F /* BaseNavigationController.swift */; };
		68F1E2212B4AF04500AE3E6D /* lottie-loading.json in Resources */ = {isa = PBXBuildFile; fileRef = 68F1E2202B4AF04500AE3E6D /* lottie-loading.json */; };
		68F33C352AB4797400384E23 /* UITableView+Extension.swift in Sources */ = {isa = PBXBuildFile; fileRef = 68F33C342AB4797400384E23 /* UITableView+Extension.swift */; };
		68F33C382AB48FA000384E23 /* ReuseableView.swift in Sources */ = {isa = PBXBuildFile; fileRef = 68F33C372AB48FA000384E23 /* ReuseableView.swift */; };
		68F33C3A2AB48FEC00384E23 /* UICollectionView+Extension.swift in Sources */ = {isa = PBXBuildFile; fileRef = 68F33C392AB48FEC00384E23 /* UICollectionView+Extension.swift */; };
		B6EF0E082B6AA48F0044472A /* Kingfisher in Frameworks */ = {isa = PBXBuildFile; productRef = B6EF0E072B6AA48F0044472A /* Kingfisher */; };
		B6EF0E0A2B6AA4A80044472A /* UIImageView+Extension.swift in Sources */ = {isa = PBXBuildFile; fileRef = B6EF0E092B6AA4A80044472A /* UIImageView+Extension.swift */; };
/* End PBXBuildFile section */

/* Begin PBXFileReference section */
		6826C83E2AE2A35700ABB6D9 /* ProgressCircleDrawer.swift */ = {isa = PBXFileReference; lastKnownFileType = sourcecode.swift; path = ProgressCircleDrawer.swift; sourceTree = "<group>"; };
		6826C8402AE2A36400ABB6D9 /* ProgressCircleView.swift */ = {isa = PBXFileReference; lastKnownFileType = sourcecode.swift; path = ProgressCircleView.swift; sourceTree = "<group>"; };
		685319C42B46191900633D64 /* BaseCollectionView.swift */ = {isa = PBXFileReference; lastKnownFileType = sourcecode.swift; path = BaseCollectionView.swift; sourceTree = "<group>"; };
		685319C62B46192300633D64 /* BaseCollectionViewCell.swift */ = {isa = PBXFileReference; lastKnownFileType = sourcecode.swift; path = BaseCollectionViewCell.swift; sourceTree = "<group>"; };
		685319CB2B4619A200633D64 /* BaseTableView.swift */ = {isa = PBXFileReference; lastKnownFileType = sourcecode.swift; path = BaseTableView.swift; sourceTree = "<group>"; };
		685319CD2B4619DE00633D64 /* BaseTableViewCell.swift */ = {isa = PBXFileReference; lastKnownFileType = sourcecode.swift; path = BaseTableViewCell.swift; sourceTree = "<group>"; };
		685319CF2B461B2800633D64 /* Colorable.swift */ = {isa = PBXFileReference; lastKnownFileType = sourcecode.swift; path = Colorable.swift; sourceTree = "<group>"; };
		685319D12B461B3600633D64 /* Imageable+Symbolable.swift */ = {isa = PBXFileReference; lastKnownFileType = sourcecode.swift; path = "Imageable+Symbolable.swift"; sourceTree = "<group>"; };
		685319D52B461BB800633D64 /* UIView+Extension.swift */ = {isa = PBXFileReference; lastKnownFileType = sourcecode.swift; path = "UIView+Extension.swift"; sourceTree = "<group>"; };
		685319DB2B461CD300633D64 /* SFSymbols.swift */ = {isa = PBXFileReference; lastKnownFileType = sourcecode.swift; path = SFSymbols.swift; sourceTree = "<group>"; };
		685319DD2B461D8400633D64 /* Logo.swift */ = {isa = PBXFileReference; lastKnownFileType = sourcecode.swift; path = Logo.swift; sourceTree = "<group>"; };
		685319E02B461DC100633D64 /* HudView.swift */ = {isa = PBXFileReference; lastKnownFileType = sourcecode.swift; path = HudView.swift; sourceTree = "<group>"; };
		685319E62B4620EE00633D64 /* ClearImageView.swift */ = {isa = PBXFileReference; lastKnownFileType = sourcecode.swift; path = ClearImageView.swift; sourceTree = "<group>"; };
		685319E82B46215C00633D64 /* CircleImageView.swift */ = {isa = PBXFileReference; lastKnownFileType = sourcecode.swift; path = CircleImageView.swift; sourceTree = "<group>"; };
		685F07752A84347A00F5EF1F /* Typealias.swift */ = {isa = PBXFileReference; lastKnownFileType = sourcecode.swift; path = Typealias.swift; sourceTree = "<group>"; };
		685F07782A84352A00F5EF1F /* Navigator.swift */ = {isa = PBXFileReference; lastKnownFileType = sourcecode.swift; path = Navigator.swift; sourceTree = "<group>"; };
		685F077A2A8460B200F5EF1F /* BaseTabbarController.swift */ = {isa = PBXFileReference; lastKnownFileType = sourcecode.swift; path = BaseTabbarController.swift; sourceTree = "<group>"; };
		685F077D2A84614400F5EF1F /* BaseButton.swift */ = {isa = PBXFileReference; lastKnownFileType = sourcecode.swift; path = BaseButton.swift; sourceTree = "<group>"; };
		689888032AA3826800A2D55D /* Configuration.swift */ = {isa = PBXFileReference; fileEncoding = 4; lastKnownFileType = sourcecode.swift; path = Configuration.swift; sourceTree = "<group>"; };
		689888042AA3826800A2D55D /* Debug.xcconfig */ = {isa = PBXFileReference; fileEncoding = 4; lastKnownFileType = text.xcconfig; path = Debug.xcconfig; sourceTree = "<group>"; };
		689888052AA3826800A2D55D /* Develop.xcconfig */ = {isa = PBXFileReference; fileEncoding = 4; lastKnownFileType = text.xcconfig; path = Develop.xcconfig; sourceTree = "<group>"; };
		689888062AA3826800A2D55D /* Release.xcconfig */ = {isa = PBXFileReference; fileEncoding = 4; lastKnownFileType = text.xcconfig; path = Release.xcconfig; sourceTree = "<group>"; };
		6898880B2AA382D300A2D55D /* UIDevice+Extension.swift */ = {isa = PBXFileReference; lastKnownFileType = sourcecode.swift; path = "UIDevice+Extension.swift"; sourceTree = "<group>"; };
		6898880D2AA3832E00A2D55D /* UIApplication+Extension.swift */ = {isa = PBXFileReference; lastKnownFileType = sourcecode.swift; path = "UIApplication+Extension.swift"; sourceTree = "<group>"; };
		689888102AA3838400A2D55D /* ColorText.swift */ = {isa = PBXFileReference; fileEncoding = 4; lastKnownFileType = sourcecode.swift; path = ColorText.swift; sourceTree = "<group>"; };
		689888112AA3838500A2D55D /* Palette.swift */ = {isa = PBXFileReference; fileEncoding = 4; lastKnownFileType = sourcecode.swift; path = Palette.swift; sourceTree = "<group>"; };
		689888122AA3838500A2D55D /* ColorBackground.swift */ = {isa = PBXFileReference; fileEncoding = 4; lastKnownFileType = sourcecode.swift; path = ColorBackground.swift; sourceTree = "<group>"; };
		689888162AA3869900A2D55D /* UIColor+Extension.swift */ = {isa = PBXFileReference; fileEncoding = 4; lastKnownFileType = sourcecode.swift; path = "UIColor+Extension.swift"; sourceTree = "<group>"; };
		68C7E9042A71A1AC008CD84F /* AppSeed-debug.app */ = {isa = PBXFileReference; explicitFileType = wrapper.application; includeInIndex = 0; path = "AppSeed-debug.app"; sourceTree = BUILT_PRODUCTS_DIR; };
		68C7E9072A71A1AC008CD84F /* AppDelegate.swift */ = {isa = PBXFileReference; lastKnownFileType = sourcecode.swift; path = AppDelegate.swift; sourceTree = "<group>"; };
		68C7E9102A71A1AE008CD84F /* Assets.xcassets */ = {isa = PBXFileReference; lastKnownFileType = folder.assetcatalog; path = Assets.xcassets; sourceTree = "<group>"; };
		68C7E9132A71A1AE008CD84F /* Base */ = {isa = PBXFileReference; lastKnownFileType = file.storyboard; name = Base; path = Base.lproj/LaunchScreen.storyboard; sourceTree = "<group>"; };
		68C7E9152A71A1AE008CD84F /* Info.plist */ = {isa = PBXFileReference; lastKnownFileType = text.plist.xml; path = Info.plist; sourceTree = "<group>"; };
		68C7E92D2A71A23E008CD84F /* Colors.xcassets */ = {isa = PBXFileReference; lastKnownFileType = folder.assetcatalog; path = Colors.xcassets; sourceTree = "<group>"; };
		68C7E9382A71AE3B008CD84F /* BaseRouter.swift */ = {isa = PBXFileReference; lastKnownFileType = sourcecode.swift; path = BaseRouter.swift; sourceTree = "<group>"; };
		68C7E93A2A71AE4A008CD84F /* BaseViewController.swift */ = {isa = PBXFileReference; lastKnownFileType = sourcecode.swift; path = BaseViewController.swift; sourceTree = "<group>"; };
		68C7E93C2A71AE5F008CD84F /* BaseViewModel.swift */ = {isa = PBXFileReference; lastKnownFileType = sourcecode.swift; path = BaseViewModel.swift; sourceTree = "<group>"; };
		68C7E93E2A71B346008CD84F /* SplashViewController.swift */ = {isa = PBXFileReference; lastKnownFileType = sourcecode.swift; path = SplashViewController.swift; sourceTree = "<group>"; };
		68C7E9402A71B35A008CD84F /* SplashViewModel.swift */ = {isa = PBXFileReference; lastKnownFileType = sourcecode.swift; path = SplashViewModel.swift; sourceTree = "<group>"; };
		68C7E9422A71B361008CD84F /* SplashRouter.swift */ = {isa = PBXFileReference; lastKnownFileType = sourcecode.swift; path = SplashRouter.swift; sourceTree = "<group>"; };
		68C7E9452A71BD3E008CD84F /* BaseNavigationController.swift */ = {isa = PBXFileReference; lastKnownFileType = sourcecode.swift; path = BaseNavigationController.swift; sourceTree = "<group>"; };
		68F1E2202B4AF04500AE3E6D /* lottie-loading.json */ = {isa = PBXFileReference; fileEncoding = 4; lastKnownFileType = text.json; path = "lottie-loading.json"; sourceTree = "<group>"; };
		68F33C342AB4797400384E23 /* UITableView+Extension.swift */ = {isa = PBXFileReference; lastKnownFileType = sourcecode.swift; path = "UITableView+Extension.swift"; sourceTree = "<group>"; };
		68F33C372AB48FA000384E23 /* ReuseableView.swift */ = {isa = PBXFileReference; lastKnownFileType = sourcecode.swift; path = ReuseableView.swift; sourceTree = "<group>"; };
		68F33C392AB48FEC00384E23 /* UICollectionView+Extension.swift */ = {isa = PBXFileReference; lastKnownFileType = sourcecode.swift; path = "UICollectionView+Extension.swift"; sourceTree = "<group>"; };
		B6EF0E092B6AA4A80044472A /* UIImageView+Extension.swift */ = {isa = PBXFileReference; lastKnownFileType = sourcecode.swift; path = "UIImageView+Extension.swift"; sourceTree = "<group>"; };
/* End PBXFileReference section */

/* Begin PBXFrameworksBuildPhase section */
		68C7E9012A71A1AC008CD84F /* Frameworks */ = {
			isa = PBXFrameworksBuildPhase;
			buildActionMask = 2147483647;
			files = (
				B6EF0E082B6AA48F0044472A /* Kingfisher in Frameworks */,
				6826C8442AE2A55700ABB6D9 /* SnapKit in Frameworks */,
				685319E42B4620B700633D64 /* Lottie in Frameworks */,
			);
			runOnlyForDeploymentPostprocessing = 0;
		};
/* End PBXFrameworksBuildPhase section */

/* Begin PBXGroup section */
		6826C83C2AE29DD300ABB6D9 /* Draws */ = {
			isa = PBXGroup;
			children = (
				6826C83D2AE2A34700ABB6D9 /* Progress */,
			);
			path = Draws;
			sourceTree = "<group>";
		};
		6826C83D2AE2A34700ABB6D9 /* Progress */ = {
			isa = PBXGroup;
			children = (
				6826C8402AE2A36400ABB6D9 /* ProgressCircleView.swift */,
				6826C83E2AE2A35700ABB6D9 /* ProgressCircleDrawer.swift */,
			);
			path = Progress;
			sourceTree = "<group>";
		};
		685319C32B4618D000633D64 /* CollectionView */ = {
			isa = PBXGroup;
			children = (
				685319C42B46191900633D64 /* BaseCollectionView.swift */,
				685319C62B46192300633D64 /* BaseCollectionViewCell.swift */,
			);
			path = CollectionView;
			sourceTree = "<group>";
		};
		685319C82B46195500633D64 /* Button */ = {
			isa = PBXGroup;
			children = (
				685F077D2A84614400F5EF1F /* BaseButton.swift */,
			);
			path = Button;
			sourceTree = "<group>";
		};
		685319C92B46195E00633D64 /* Label */ = {
			isa = PBXGroup;
			children = (
			);
			path = Label;
			sourceTree = "<group>";
		};
		685319CA2B46196C00633D64 /* TableView */ = {
			isa = PBXGroup;
			children = (
				685319CB2B4619A200633D64 /* BaseTableView.swift */,
				685319CD2B4619DE00633D64 /* BaseTableViewCell.swift */,
			);
			path = TableView;
			sourceTree = "<group>";
		};
		685319D72B461BD900633D64 /* Animations */ = {
			isa = PBXGroup;
			children = (
				68F1E2202B4AF04500AE3E6D /* lottie-loading.json */,
			);
			path = Animations;
			sourceTree = "<group>";
		};
		685319DA2B461C6500633D64 /* Images */ = {
			isa = PBXGroup;
			children = (
				685319DB2B461CD300633D64 /* SFSymbols.swift */,
				685319DD2B461D8400633D64 /* Logo.swift */,
			);
			path = Images;
			sourceTree = "<group>";
		};
		685319DF2B461DB500633D64 /* View */ = {
			isa = PBXGroup;
			children = (
				685319E02B461DC100633D64 /* HudView.swift */,
			);
			path = View;
			sourceTree = "<group>";
		};
		685319E52B4620DC00633D64 /* ImageView */ = {
			isa = PBXGroup;
			children = (
				685319E62B4620EE00633D64 /* ClearImageView.swift */,
				685319E82B46215C00633D64 /* CircleImageView.swift */,
			);
			path = ImageView;
			sourceTree = "<group>";
		};
		685F07772A84350000F5EF1F /* Constants */ = {
			isa = PBXGroup;
			children = (
				685F07752A84347A00F5EF1F /* Typealias.swift */,
			);
			path = Constants;
			sourceTree = "<group>";
		};
		685F077C2A84612B00F5EF1F /* Controllers */ = {
			isa = PBXGroup;
			children = (
				68C7E9452A71BD3E008CD84F /* BaseNavigationController.swift */,
				685F077A2A8460B200F5EF1F /* BaseTabbarController.swift */,
			);
			path = Controllers;
			sourceTree = "<group>";
		};
		689888022AA3824E00A2D55D /* Configuration */ = {
			isa = PBXGroup;
			children = (
				689888032AA3826800A2D55D /* Configuration.swift */,
				689888042AA3826800A2D55D /* Debug.xcconfig */,
				689888052AA3826800A2D55D /* Develop.xcconfig */,
				689888062AA3826800A2D55D /* Release.xcconfig */,
			);
			path = Configuration;
			sourceTree = "<group>";
		};
		6898880F2AA3835200A2D55D /* Colors */ = {
			isa = PBXGroup;
			children = (
				689888112AA3838500A2D55D /* Palette.swift */,
				689888122AA3838500A2D55D /* ColorBackground.swift */,
				689888102AA3838400A2D55D /* ColorText.swift */,
			);
			path = Colors;
			sourceTree = "<group>";
		};
		68C7E8FB2A71A1AC008CD84F = {
			isa = PBXGroup;
			children = (
				68C7E9062A71A1AC008CD84F /* AppSeed */,
				68C7E9052A71A1AC008CD84F /* Products */,
			);
			sourceTree = "<group>";
		};
		68C7E9052A71A1AC008CD84F /* Products */ = {
			isa = PBXGroup;
			children = (
				68C7E9042A71A1AC008CD84F /* AppSeed-debug.app */,
			);
			name = Products;
			sourceTree = "<group>";
		};
		68C7E9062A71A1AC008CD84F /* AppSeed */ = {
			isa = PBXGroup;
			children = (
				68C7E9322A71A2A3008CD84F /* Application */,
				68C7E9272A71A1D1008CD84F /* Base */,
				68C7E9332A71A2F7008CD84F /* Scenes */,
				68C7E9292A71A1FD008CD84F /* UIComponents */,
				68F33C362AB48F9100384E23 /* Protocols */,
				68C7E9472A71F188008CD84F /* Extensions */,
				68C7E92A2A71A20B008CD84F /* Resources */,
				689888022AA3824E00A2D55D /* Configuration */,
			);
			path = AppSeed;
			sourceTree = "<group>";
		};
		68C7E9272A71A1D1008CD84F /* Base */ = {
			isa = PBXGroup;
			children = (
				685F07772A84350000F5EF1F /* Constants */,
				685F077C2A84612B00F5EF1F /* Controllers */,
				68C7E9442A71BD1E008CD84F /* UI */,
				68C7E9372A71AE2D008CD84F /* Scene */,
				685F07782A84352A00F5EF1F /* Navigator.swift */,
			);
			path = Base;
			sourceTree = "<group>";
		};
		68C7E9292A71A1FD008CD84F /* UIComponents */ = {
			isa = PBXGroup;
			children = (
				685319DF2B461DB500633D64 /* View */,
				6826C83C2AE29DD300ABB6D9 /* Draws */,
			);
			path = UIComponents;
			sourceTree = "<group>";
		};
		68C7E92A2A71A20B008CD84F /* Resources */ = {
			isa = PBXGroup;
			children = (
				685319D72B461BD900633D64 /* Animations */,
				68C7E92B2A71A21C008CD84F /* Fonts */,
				6898880F2AA3835200A2D55D /* Colors */,
				685319DA2B461C6500633D64 /* Images */,
				68C7E9102A71A1AE008CD84F /* Assets.xcassets */,
				68C7E92D2A71A23E008CD84F /* Colors.xcassets */,
				68C7E9152A71A1AE008CD84F /* Info.plist */,
			);
			path = Resources;
			sourceTree = "<group>";
		};
		68C7E92B2A71A21C008CD84F /* Fonts */ = {
			isa = PBXGroup;
			children = (
			);
			path = Fonts;
			sourceTree = "<group>";
		};
		68C7E9322A71A2A3008CD84F /* Application */ = {
			isa = PBXGroup;
			children = (
				68C7E9342A71A3FC008CD84F /* Services */,
				68C7E9122A71A1AE008CD84F /* LaunchScreen.storyboard */,
				68C7E9072A71A1AC008CD84F /* AppDelegate.swift */,
			);
			path = Application;
			sourceTree = "<group>";
		};
		68C7E9332A71A2F7008CD84F /* Scenes */ = {
			isa = PBXGroup;
			children = (
				68C7E9352A71AB93008CD84F /* Splash */,
			);
			path = Scenes;
			sourceTree = "<group>";
		};
		68C7E9342A71A3FC008CD84F /* Services */ = {
			isa = PBXGroup;
			children = (
			);
			path = Services;
			sourceTree = "<group>";
		};
		68C7E9352A71AB93008CD84F /* Splash */ = {
			isa = PBXGroup;
			children = (
				68C7E93E2A71B346008CD84F /* SplashViewController.swift */,
				68C7E9402A71B35A008CD84F /* SplashViewModel.swift */,
				68C7E9422A71B361008CD84F /* SplashRouter.swift */,
			);
			path = Splash;
			sourceTree = "<group>";
		};
		68C7E9372A71AE2D008CD84F /* Scene */ = {
			isa = PBXGroup;
			children = (
				68C7E93A2A71AE4A008CD84F /* BaseViewController.swift */,
				68C7E93C2A71AE5F008CD84F /* BaseViewModel.swift */,
				68C7E9382A71AE3B008CD84F /* BaseRouter.swift */,
			);
			path = Scene;
			sourceTree = "<group>";
		};
		68C7E9442A71BD1E008CD84F /* UI */ = {
			isa = PBXGroup;
			children = (
				685319C32B4618D000633D64 /* CollectionView */,
				685319CA2B46196C00633D64 /* TableView */,
				685319C92B46195E00633D64 /* Label */,
				685319C82B46195500633D64 /* Button */,
				685319E52B4620DC00633D64 /* ImageView */,
			);
			path = UI;
			sourceTree = "<group>";
		};
		68C7E9472A71F188008CD84F /* Extensions */ = {
			isa = PBXGroup;
			children = (
				6898880B2AA382D300A2D55D /* UIDevice+Extension.swift */,
				6898880D2AA3832E00A2D55D /* UIApplication+Extension.swift */,
				689888162AA3869900A2D55D /* UIColor+Extension.swift */,
				68F33C392AB48FEC00384E23 /* UICollectionView+Extension.swift */,
				68F33C342AB4797400384E23 /* UITableView+Extension.swift */,
				685319D52B461BB800633D64 /* UIView+Extension.swift */,
				B6EF0E092B6AA4A80044472A /* UIImageView+Extension.swift */,
			);
			path = Extensions;
			sourceTree = "<group>";
		};
		68F33C362AB48F9100384E23 /* Protocols */ = {
			isa = PBXGroup;
			children = (
				68F33C372AB48FA000384E23 /* ReuseableView.swift */,
				685319CF2B461B2800633D64 /* Colorable.swift */,
				685319D12B461B3600633D64 /* Imageable+Symbolable.swift */,
			);
			path = Protocols;
			sourceTree = "<group>";
		};
/* End PBXGroup section */

/* Begin PBXNativeTarget section */
		68C7E9032A71A1AC008CD84F /* AppSeed */ = {
			isa = PBXNativeTarget;
			buildConfigurationList = 68C7E9182A71A1AE008CD84F /* Build configuration list for PBXNativeTarget "AppSeed" */;
			buildPhases = (
				68C7E9002A71A1AC008CD84F /* Sources */,
				68C7E9012A71A1AC008CD84F /* Frameworks */,
				68C7E9022A71A1AC008CD84F /* Resources */,
			);
			buildRules = (
			);
			dependencies = (
			);
			name = AppSeed;
			packageProductDependencies = (
				6826C8432AE2A55700ABB6D9 /* SnapKit */,
				685319E32B4620B700633D64 /* Lottie */,
				B6EF0E072B6AA48F0044472A /* Kingfisher */,
			);
			productName = pawsome;
			productReference = 68C7E9042A71A1AC008CD84F /* AppSeed-debug.app */;
			productType = "com.apple.product-type.application";
		};
/* End PBXNativeTarget section */

/* Begin PBXProject section */
		68C7E8FC2A71A1AC008CD84F /* Project object */ = {
			isa = PBXProject;
			attributes = {
				BuildIndependentTargetsInParallel = 1;
				LastSwiftUpdateCheck = 1430;
				LastUpgradeCheck = 1430;
				TargetAttributes = {
					68C7E9032A71A1AC008CD84F = {
						CreatedOnToolsVersion = 14.3.1;
					};
				};
			};
			buildConfigurationList = 68C7E8FF2A71A1AC008CD84F /* Build configuration list for PBXProject "AppSeed" */;
			compatibilityVersion = "Xcode 14.0";
			developmentRegion = en;
			hasScannedForEncodings = 0;
			knownRegions = (
				en,
				Base,
			);
			mainGroup = 68C7E8FB2A71A1AC008CD84F;
			packageReferences = (
				6826C8422AE2A55700ABB6D9 /* XCRemoteSwiftPackageReference "SnapKit" */,
				685319E22B4620B700633D64 /* XCRemoteSwiftPackageReference "lottie-spm" */,
				B6EF0E062B6AA48F0044472A /* XCRemoteSwiftPackageReference "Kingfisher" */,
			);
			productRefGroup = 68C7E9052A71A1AC008CD84F /* Products */;
			projectDirPath = "";
			projectRoot = "";
			targets = (
				68C7E9032A71A1AC008CD84F /* AppSeed */,
			);
		};
/* End PBXProject section */

/* Begin PBXResourcesBuildPhase section */
		68C7E9022A71A1AC008CD84F /* Resources */ = {
			isa = PBXResourcesBuildPhase;
			buildActionMask = 2147483647;
			files = (
				689888092AA3826800A2D55D /* Develop.xcconfig in Resources */,
				689888082AA3826800A2D55D /* Debug.xcconfig in Resources */,
				6898880A2AA3826800A2D55D /* Release.xcconfig in Resources */,
				68C7E9142A71A1AE008CD84F /* LaunchScreen.storyboard in Resources */,
				68C7E92E2A71A23E008CD84F /* Colors.xcassets in Resources */,
				68C7E9112A71A1AE008CD84F /* Assets.xcassets in Resources */,
				68F1E2212B4AF04500AE3E6D /* lottie-loading.json in Resources */,
			);
			runOnlyForDeploymentPostprocessing = 0;
		};
/* End PBXResourcesBuildPhase section */

/* Begin PBXSourcesBuildPhase section */
		68C7E9002A71A1AC008CD84F /* Sources */ = {
			isa = PBXSourcesBuildPhase;
			buildActionMask = 2147483647;
			files = (
				689888142AA3838500A2D55D /* Palette.swift in Sources */,
				689888172AA3869900A2D55D /* UIColor+Extension.swift in Sources */,
				685F077E2A84614400F5EF1F /* BaseButton.swift in Sources */,
				6898880C2AA382D300A2D55D /* UIDevice+Extension.swift in Sources */,
				685319DE2B461D8400633D64 /* Logo.swift in Sources */,
				685319CE2B4619DE00633D64 /* BaseTableViewCell.swift in Sources */,
				685319CC2B4619A200633D64 /* BaseTableView.swift in Sources */,
				68C7E9082A71A1AC008CD84F /* AppDelegate.swift in Sources */,
				B6EF0E0A2B6AA4A80044472A /* UIImageView+Extension.swift in Sources */,
				685319D22B461B3600633D64 /* Imageable+Symbolable.swift in Sources */,
				68C7E9432A71B361008CD84F /* SplashRouter.swift in Sources */,
				68C7E93D2A71AE5F008CD84F /* BaseViewModel.swift in Sources */,
				68F33C352AB4797400384E23 /* UITableView+Extension.swift in Sources */,
				685319E12B461DC100633D64 /* HudView.swift in Sources */,
				68C7E93B2A71AE4A008CD84F /* BaseViewController.swift in Sources */,
				685319DC2B461CD300633D64 /* SFSymbols.swift in Sources */,
				685319C52B46191900633D64 /* BaseCollectionView.swift in Sources */,
				689888152AA3838500A2D55D /* ColorBackground.swift in Sources */,
				685319E72B4620EE00633D64 /* ClearImageView.swift in Sources */,
				685319C72B46192300633D64 /* BaseCollectionViewCell.swift in Sources */,
				685F07762A84347A00F5EF1F /* Typealias.swift in Sources */,
				685F07792A84352A00F5EF1F /* Navigator.swift in Sources */,
				68F33C3A2AB48FEC00384E23 /* UICollectionView+Extension.swift in Sources */,
				6826C8412AE2A36400ABB6D9 /* ProgressCircleView.swift in Sources */,
				689888072AA3826800A2D55D /* Configuration.swift in Sources */,
				68C7E9412A71B35A008CD84F /* SplashViewModel.swift in Sources */,
				68C7E9462A71BD3E008CD84F /* BaseNavigationController.swift in Sources */,
				6826C83F2AE2A35700ABB6D9 /* ProgressCircleDrawer.swift in Sources */,
				685F077B2A8460B200F5EF1F /* BaseTabbarController.swift in Sources */,
				685319E92B46215C00633D64 /* CircleImageView.swift in Sources */,
				68C7E93F2A71B346008CD84F /* SplashViewController.swift in Sources */,
				6898880E2AA3832E00A2D55D /* UIApplication+Extension.swift in Sources */,
				685319D62B461BB800633D64 /* UIView+Extension.swift in Sources */,
				689888132AA3838500A2D55D /* ColorText.swift in Sources */,
				68F33C382AB48FA000384E23 /* ReuseableView.swift in Sources */,
				685319D02B461B2800633D64 /* Colorable.swift in Sources */,
				68C7E9392A71AE3B008CD84F /* BaseRouter.swift in Sources */,
			);
			runOnlyForDeploymentPostprocessing = 0;
		};
/* End PBXSourcesBuildPhase section */

/* Begin PBXVariantGroup section */
		68C7E9122A71A1AE008CD84F /* LaunchScreen.storyboard */ = {
			isa = PBXVariantGroup;
			children = (
				68C7E9132A71A1AE008CD84F /* Base */,
			);
			name = LaunchScreen.storyboard;
			sourceTree = "<group>";
		};
/* End PBXVariantGroup section */

/* Begin XCBuildConfiguration section */
		6826C83A2AE29C9D00ABB6D9 /* Develop */ = {
			isa = XCBuildConfiguration;
			baseConfigurationReference = 689888052AA3826800A2D55D /* Develop.xcconfig */;
			buildSettings = {
				ALWAYS_SEARCH_USER_PATHS = NO;
				CLANG_ANALYZER_NONNULL = YES;
				CLANG_ANALYZER_NUMBER_OBJECT_CONVERSION = YES_AGGRESSIVE;
				CLANG_CXX_LANGUAGE_STANDARD = "gnu++20";
				CLANG_ENABLE_MODULES = YES;
				CLANG_ENABLE_OBJC_ARC = YES;
				CLANG_ENABLE_OBJC_WEAK = YES;
				CLANG_WARN_BLOCK_CAPTURE_AUTORELEASING = YES;
				CLANG_WARN_BOOL_CONVERSION = YES;
				CLANG_WARN_COMMA = YES;
				CLANG_WARN_CONSTANT_CONVERSION = YES;
				CLANG_WARN_DEPRECATED_OBJC_IMPLEMENTATIONS = YES;
				CLANG_WARN_DIRECT_OBJC_ISA_USAGE = YES_ERROR;
				CLANG_WARN_DOCUMENTATION_COMMENTS = YES;
				CLANG_WARN_EMPTY_BODY = YES;
				CLANG_WARN_ENUM_CONVERSION = YES;
				CLANG_WARN_INFINITE_RECURSION = YES;
				CLANG_WARN_INT_CONVERSION = YES;
				CLANG_WARN_NON_LITERAL_NULL_CONVERSION = YES;
				CLANG_WARN_OBJC_IMPLICIT_RETAIN_SELF = YES;
				CLANG_WARN_OBJC_LITERAL_CONVERSION = YES;
				CLANG_WARN_OBJC_ROOT_CLASS = YES_ERROR;
				CLANG_WARN_QUOTED_INCLUDE_IN_FRAMEWORK_HEADER = YES;
				CLANG_WARN_RANGE_LOOP_ANALYSIS = YES;
				CLANG_WARN_STRICT_PROTOTYPES = YES;
				CLANG_WARN_SUSPICIOUS_MOVE = YES;
				CLANG_WARN_UNGUARDED_AVAILABILITY = YES_AGGRESSIVE;
				CLANG_WARN_UNREACHABLE_CODE = YES;
				CLANG_WARN__DUPLICATE_METHOD_MATCH = YES;
				COPY_PHASE_STRIP = NO;
				DEBUG_INFORMATION_FORMAT = dwarf;
				ENABLE_STRICT_OBJC_MSGSEND = YES;
				ENABLE_TESTABILITY = YES;
				GCC_C_LANGUAGE_STANDARD = gnu11;
				GCC_DYNAMIC_NO_PIC = NO;
				GCC_NO_COMMON_BLOCKS = YES;
				GCC_OPTIMIZATION_LEVEL = 0;
				GCC_PREPROCESSOR_DEFINITIONS = (
					"DEBUG=1",
					"$(inherited)",
				);
				GCC_WARN_64_TO_32_BIT_CONVERSION = YES;
				GCC_WARN_ABOUT_RETURN_TYPE = YES_ERROR;
				GCC_WARN_UNDECLARED_SELECTOR = YES;
				GCC_WARN_UNINITIALIZED_AUTOS = YES_AGGRESSIVE;
				GCC_WARN_UNUSED_FUNCTION = YES;
				GCC_WARN_UNUSED_VARIABLE = YES;
				IPHONEOS_DEPLOYMENT_TARGET = 15.0;
				MTL_ENABLE_DEBUG_INFO = INCLUDE_SOURCE;
				MTL_FAST_MATH = YES;
				ONLY_ACTIVE_ARCH = YES;
				PRODUCT_MODULE_NAME = "";
				SDKROOT = iphoneos;
				SWIFT_ACTIVE_COMPILATION_CONDITIONS = DEBUG;
				SWIFT_OPTIMIZATION_LEVEL = "-Onone";
			};
			name = Develop;
		};
		6826C83B2AE29C9D00ABB6D9 /* Develop */ = {
			isa = XCBuildConfiguration;
			buildSettings = {
				ASSETCATALOG_COMPILER_APPICON_NAME = AppIcon;
				ASSETCATALOG_COMPILER_GLOBAL_ACCENT_COLOR_NAME = AccentColor;
				CODE_SIGN_STYLE = Automatic;
				CURRENT_PROJECT_VERSION = 1;
				DEVELOPMENT_TEAM = 75GR6Q7KX3;
				GENERATE_INFOPLIST_FILE = YES;
				INFOPLIST_FILE = AppSeed/Resources/Info.plist;
				INFOPLIST_KEY_UIApplicationSupportsIndirectInputEvents = YES;
				INFOPLIST_KEY_UILaunchStoryboardName = LaunchScreen.storyboard;
				INFOPLIST_KEY_UISupportedInterfaceOrientations = UIInterfaceOrientationPortrait;
				IPHONEOS_DEPLOYMENT_TARGET = 15.0;
				LD_RUNPATH_SEARCH_PATHS = (
					"$(inherited)",
					"@executable_path/Frameworks",
				);
				MARKETING_VERSION = 1.0.0;
				PRODUCT_BUNDLE_IDENTIFIER = "$(PRODUCT_BUNDLE_IDENTIFIER)";
				PRODUCT_MODULE_NAME = AppSeed;
				PRODUCT_NAME = $PRODUCT_APP_NAME;
				SWIFT_EMIT_LOC_STRINGS = YES;
				SWIFT_VERSION = 5.0;
				TARGETED_DEVICE_FAMILY = "1,2";
			};
			name = Develop;
		};
		68C7E9162A71A1AE008CD84F /* Debug */ = {
			isa = XCBuildConfiguration;
			baseConfigurationReference = 689888042AA3826800A2D55D /* Debug.xcconfig */;
			buildSettings = {
				ALWAYS_SEARCH_USER_PATHS = NO;
				CLANG_ANALYZER_NONNULL = YES;
				CLANG_ANALYZER_NUMBER_OBJECT_CONVERSION = YES_AGGRESSIVE;
				CLANG_CXX_LANGUAGE_STANDARD = "gnu++20";
				CLANG_ENABLE_MODULES = YES;
				CLANG_ENABLE_OBJC_ARC = YES;
				CLANG_ENABLE_OBJC_WEAK = YES;
				CLANG_WARN_BLOCK_CAPTURE_AUTORELEASING = YES;
				CLANG_WARN_BOOL_CONVERSION = YES;
				CLANG_WARN_COMMA = YES;
				CLANG_WARN_CONSTANT_CONVERSION = YES;
				CLANG_WARN_DEPRECATED_OBJC_IMPLEMENTATIONS = YES;
				CLANG_WARN_DIRECT_OBJC_ISA_USAGE = YES_ERROR;
				CLANG_WARN_DOCUMENTATION_COMMENTS = YES;
				CLANG_WARN_EMPTY_BODY = YES;
				CLANG_WARN_ENUM_CONVERSION = YES;
				CLANG_WARN_INFINITE_RECURSION = YES;
				CLANG_WARN_INT_CONVERSION = YES;
				CLANG_WARN_NON_LITERAL_NULL_CONVERSION = YES;
				CLANG_WARN_OBJC_IMPLICIT_RETAIN_SELF = YES;
				CLANG_WARN_OBJC_LITERAL_CONVERSION = YES;
				CLANG_WARN_OBJC_ROOT_CLASS = YES_ERROR;
				CLANG_WARN_QUOTED_INCLUDE_IN_FRAMEWORK_HEADER = YES;
				CLANG_WARN_RANGE_LOOP_ANALYSIS = YES;
				CLANG_WARN_STRICT_PROTOTYPES = YES;
				CLANG_WARN_SUSPICIOUS_MOVE = YES;
				CLANG_WARN_UNGUARDED_AVAILABILITY = YES_AGGRESSIVE;
				CLANG_WARN_UNREACHABLE_CODE = YES;
				CLANG_WARN__DUPLICATE_METHOD_MATCH = YES;
				COPY_PHASE_STRIP = NO;
				DEBUG_INFORMATION_FORMAT = dwarf;
				ENABLE_STRICT_OBJC_MSGSEND = YES;
				ENABLE_TESTABILITY = YES;
				GCC_C_LANGUAGE_STANDARD = gnu11;
				GCC_DYNAMIC_NO_PIC = NO;
				GCC_NO_COMMON_BLOCKS = YES;
				GCC_OPTIMIZATION_LEVEL = 0;
				GCC_PREPROCESSOR_DEFINITIONS = (
					"DEBUG=1",
					"$(inherited)",
				);
				GCC_WARN_64_TO_32_BIT_CONVERSION = YES;
				GCC_WARN_ABOUT_RETURN_TYPE = YES_ERROR;
				GCC_WARN_UNDECLARED_SELECTOR = YES;
				GCC_WARN_UNINITIALIZED_AUTOS = YES_AGGRESSIVE;
				GCC_WARN_UNUSED_FUNCTION = YES;
				GCC_WARN_UNUSED_VARIABLE = YES;
				IPHONEOS_DEPLOYMENT_TARGET = 15.0;
				MTL_ENABLE_DEBUG_INFO = INCLUDE_SOURCE;
				MTL_FAST_MATH = YES;
				ONLY_ACTIVE_ARCH = YES;
				PRODUCT_MODULE_NAME = "";
				SDKROOT = iphoneos;
				SWIFT_ACTIVE_COMPILATION_CONDITIONS = DEBUG;
				SWIFT_OPTIMIZATION_LEVEL = "-Onone";
			};
			name = Debug;
		};
		68C7E9172A71A1AE008CD84F /* Release */ = {
			isa = XCBuildConfiguration;
			baseConfigurationReference = 689888062AA3826800A2D55D /* Release.xcconfig */;
			buildSettings = {
				ALWAYS_SEARCH_USER_PATHS = NO;
				CLANG_ANALYZER_NONNULL = YES;
				CLANG_ANALYZER_NUMBER_OBJECT_CONVERSION = YES_AGGRESSIVE;
				CLANG_CXX_LANGUAGE_STANDARD = "gnu++20";
				CLANG_ENABLE_MODULES = YES;
				CLANG_ENABLE_OBJC_ARC = YES;
				CLANG_ENABLE_OBJC_WEAK = YES;
				CLANG_WARN_BLOCK_CAPTURE_AUTORELEASING = YES;
				CLANG_WARN_BOOL_CONVERSION = YES;
				CLANG_WARN_COMMA = YES;
				CLANG_WARN_CONSTANT_CONVERSION = YES;
				CLANG_WARN_DEPRECATED_OBJC_IMPLEMENTATIONS = YES;
				CLANG_WARN_DIRECT_OBJC_ISA_USAGE = YES_ERROR;
				CLANG_WARN_DOCUMENTATION_COMMENTS = YES;
				CLANG_WARN_EMPTY_BODY = YES;
				CLANG_WARN_ENUM_CONVERSION = YES;
				CLANG_WARN_INFINITE_RECURSION = YES;
				CLANG_WARN_INT_CONVERSION = YES;
				CLANG_WARN_NON_LITERAL_NULL_CONVERSION = YES;
				CLANG_WARN_OBJC_IMPLICIT_RETAIN_SELF = YES;
				CLANG_WARN_OBJC_LITERAL_CONVERSION = YES;
				CLANG_WARN_OBJC_ROOT_CLASS = YES_ERROR;
				CLANG_WARN_QUOTED_INCLUDE_IN_FRAMEWORK_HEADER = YES;
				CLANG_WARN_RANGE_LOOP_ANALYSIS = YES;
				CLANG_WARN_STRICT_PROTOTYPES = YES;
				CLANG_WARN_SUSPICIOUS_MOVE = YES;
				CLANG_WARN_UNGUARDED_AVAILABILITY = YES_AGGRESSIVE;
				CLANG_WARN_UNREACHABLE_CODE = YES;
				CLANG_WARN__DUPLICATE_METHOD_MATCH = YES;
				COPY_PHASE_STRIP = NO;
				DEBUG_INFORMATION_FORMAT = "dwarf-with-dsym";
				ENABLE_NS_ASSERTIONS = NO;
				ENABLE_STRICT_OBJC_MSGSEND = YES;
				GCC_C_LANGUAGE_STANDARD = gnu11;
				GCC_NO_COMMON_BLOCKS = YES;
				GCC_WARN_64_TO_32_BIT_CONVERSION = YES;
				GCC_WARN_ABOUT_RETURN_TYPE = YES_ERROR;
				GCC_WARN_UNDECLARED_SELECTOR = YES;
				GCC_WARN_UNINITIALIZED_AUTOS = YES_AGGRESSIVE;
				GCC_WARN_UNUSED_FUNCTION = YES;
				GCC_WARN_UNUSED_VARIABLE = YES;
				IPHONEOS_DEPLOYMENT_TARGET = 15.0;
				MTL_ENABLE_DEBUG_INFO = NO;
				MTL_FAST_MATH = YES;
				PRODUCT_MODULE_NAME = "";
				SDKROOT = iphoneos;
				SWIFT_COMPILATION_MODE = wholemodule;
				SWIFT_OPTIMIZATION_LEVEL = "-O";
				VALIDATE_PRODUCT = YES;
			};
			name = Release;
		};
		68C7E9192A71A1AE008CD84F /* Debug */ = {
			isa = XCBuildConfiguration;
			buildSettings = {
				ASSETCATALOG_COMPILER_APPICON_NAME = AppIcon;
				ASSETCATALOG_COMPILER_GLOBAL_ACCENT_COLOR_NAME = AccentColor;
				CODE_SIGN_STYLE = Automatic;
				CURRENT_PROJECT_VERSION = 1;
				DEVELOPMENT_TEAM = 75GR6Q7KX3;
				GENERATE_INFOPLIST_FILE = YES;
				INFOPLIST_FILE = AppSeed/Resources/Info.plist;
				INFOPLIST_KEY_UIApplicationSupportsIndirectInputEvents = YES;
				INFOPLIST_KEY_UILaunchStoryboardName = LaunchScreen.storyboard;
				INFOPLIST_KEY_UISupportedInterfaceOrientations = UIInterfaceOrientationPortrait;
				IPHONEOS_DEPLOYMENT_TARGET = 15.0;
				LD_RUNPATH_SEARCH_PATHS = (
					"$(inherited)",
					"@executable_path/Frameworks",
				);
				MARKETING_VERSION = 1.0.0;
				PRODUCT_BUNDLE_IDENTIFIER = "$(PRODUCT_BUNDLE_IDENTIFIER)";
				PRODUCT_MODULE_NAME = AppSeed;
				PRODUCT_NAME = $PRODUCT_APP_NAME;
				SWIFT_EMIT_LOC_STRINGS = YES;
				SWIFT_VERSION = 5.0;
				TARGETED_DEVICE_FAMILY = "1,2";
			};
			name = Debug;
		};
		68C7E91A2A71A1AE008CD84F /* Release */ = {
			isa = XCBuildConfiguration;
			buildSettings = {
				ASSETCATALOG_COMPILER_APPICON_NAME = AppIcon;
				ASSETCATALOG_COMPILER_GLOBAL_ACCENT_COLOR_NAME = AccentColor;
				CODE_SIGN_STYLE = Automatic;
				CURRENT_PROJECT_VERSION = 1;
				DEVELOPMENT_TEAM = 75GR6Q7KX3;
				GENERATE_INFOPLIST_FILE = YES;
				INFOPLIST_FILE = AppSeed/Resources/Info.plist;
				INFOPLIST_KEY_UIApplicationSupportsIndirectInputEvents = YES;
				INFOPLIST_KEY_UILaunchStoryboardName = LaunchScreen.storyboard;
				INFOPLIST_KEY_UISupportedInterfaceOrientations = UIInterfaceOrientationPortrait;
				IPHONEOS_DEPLOYMENT_TARGET = 15.0;
				LD_RUNPATH_SEARCH_PATHS = (
					"$(inherited)",
					"@executable_path/Frameworks",
				);
				MARKETING_VERSION = 1.0.0;
				PRODUCT_BUNDLE_IDENTIFIER = "$(PRODUCT_BUNDLE_IDENTIFIER)";
				PRODUCT_MODULE_NAME = AppSeed;
				PRODUCT_NAME = $PRODUCT_APP_NAME;
				SWIFT_EMIT_LOC_STRINGS = YES;
				SWIFT_VERSION = 5.0;
				TARGETED_DEVICE_FAMILY = "1,2";
			};
			name = Release;
		};
/* End XCBuildConfiguration section */

/* Begin XCConfigurationList section */
		68C7E8FF2A71A1AC008CD84F /* Build configuration list for PBXProject "AppSeed" */ = {
			isa = XCConfigurationList;
			buildConfigurations = (
				68C7E9162A71A1AE008CD84F /* Debug */,
				6826C83A2AE29C9D00ABB6D9 /* Develop */,
				68C7E9172A71A1AE008CD84F /* Release */,
			);
			defaultConfigurationIsVisible = 0;
			defaultConfigurationName = Release;
		};
		68C7E9182A71A1AE008CD84F /* Build configuration list for PBXNativeTarget "AppSeed" */ = {
			isa = XCConfigurationList;
			buildConfigurations = (
				68C7E9192A71A1AE008CD84F /* Debug */,
				6826C83B2AE29C9D00ABB6D9 /* Develop */,
				68C7E91A2A71A1AE008CD84F /* Release */,
			);
			defaultConfigurationIsVisible = 0;
			defaultConfigurationName = Release;
		};
/* End XCConfigurationList section */

/* Begin XCRemoteSwiftPackageReference section */
		6826C8422AE2A55700ABB6D9 /* XCRemoteSwiftPackageReference "SnapKit" */ = {
			isa = XCRemoteSwiftPackageReference;
			repositoryURL = "https://github.com/SnapKit/SnapKit";
			requirement = {
				kind = upToNextMajorVersion;
				minimumVersion = 5.0.0;
			};
		};
		685319E22B4620B700633D64 /* XCRemoteSwiftPackageReference "lottie-spm" */ = {
			isa = XCRemoteSwiftPackageReference;
			repositoryURL = "https://github.com/airbnb/lottie-spm.git";
			requirement = {
				kind = upToNextMajorVersion;
				minimumVersion = 4.3.4;
			};
		};
		B6EF0E062B6AA48F0044472A /* XCRemoteSwiftPackageReference "Kingfisher" */ = {
			isa = XCRemoteSwiftPackageReference;
			repositoryURL = "https://github.com/onevcat/Kingfisher.git";
			requirement = {
				kind = upToNextMajorVersion;
				minimumVersion = 7.0.0;
			};
		};
/* End XCRemoteSwiftPackageReference section */

/* Begin XCSwiftPackageProductDependency section */
		6826C8432AE2A55700ABB6D9 /* SnapKit */ = {
			isa = XCSwiftPackageProductDependency;
			package = 6826C8422AE2A55700ABB6D9 /* XCRemoteSwiftPackageReference "SnapKit" */;
			productName = SnapKit;
		};
		685319E32B4620B700633D64 /* Lottie */ = {
			isa = XCSwiftPackageProductDependency;
			package = 685319E22B4620B700633D64 /* XCRemoteSwiftPackageReference "lottie-spm" */;
			productName = Lottie;
		};
		B6EF0E072B6AA48F0044472A /* Kingfisher */ = {
			isa = XCSwiftPackageProductDependency;
			package = B6EF0E062B6AA48F0044472A /* XCRemoteSwiftPackageReference "Kingfisher" */;
			productName = Kingfisher;
		};
/* End XCSwiftPackageProductDependency section */
	};
	rootObject = 68C7E8FC2A71A1AC008CD84F /* Project object */;
}
